// !$*UTF8*$!
{
	archiveVersion = 1;
	classes = {
	};
	objectVersion = 46;
	objects = {

/* Begin PBXBuildFile section */
		210D492F5379AC336881D453 /* Pods_UrsusTests.framework in Frameworks */ = {isa = PBXBuildFile; fileRef = C4271E9964D26860660C1774 /* Pods_UrsusTests.framework */; };
		72D5CC5FF741B20CD526DBC7 /* Pods_UrsusUITests.framework in Frameworks */ = {isa = PBXBuildFile; fileRef = 17701650A4D779507C79561C /* Pods_UrsusUITests.framework */; };
		7B121F801E2C3AAA004458DC /* ThemeModeCollectionViewCell.swift in Sources */ = {isa = PBXBuildFile; fileRef = 7B121F7F1E2C3AAA004458DC /* ThemeModeCollectionViewCell.swift */; };
		7B150E841DDFDF0800965D2A /* StyleKit.swift in Sources */ = {isa = PBXBuildFile; fileRef = 7B150E831DDFDF0800965D2A /* StyleKit.swift */; };
		7B15CB4D1DDBDF9600CE48C1 /* ArtistViewController.swift in Sources */ = {isa = PBXBuildFile; fileRef = 7B15CB4C1DDBDF9600CE48C1 /* ArtistViewController.swift */; };
		7B15CB4F1DDBDFC200CE48C1 /* ArtistSearchResultsViewController.swift in Sources */ = {isa = PBXBuildFile; fileRef = 7B15CB4E1DDBDFC200CE48C1 /* ArtistSearchResultsViewController.swift */; };
		7B173AEB1E52AE370011C0BB /* RightButton.swift in Sources */ = {isa = PBXBuildFile; fileRef = 7B173AEA1E52AE370011C0BB /* RightButton.swift */; };
		7B173AED1E52AE890011C0BB /* UpButton.swift in Sources */ = {isa = PBXBuildFile; fileRef = 7B173AEC1E52AE890011C0BB /* UpButton.swift */; };
		7B179DB21E104CBA000F0DED /* Release.swift in Sources */ = {isa = PBXBuildFile; fileRef = 7B179DB11E104CBA000F0DED /* Release.swift */; };
		7B179DB41E107E82000F0DED /* ReleaseCollectionViewCell.swift in Sources */ = {isa = PBXBuildFile; fileRef = 7B179DB31E107E82000F0DED /* ReleaseCollectionViewCell.swift */; };
		7B188E971DDD2F1400C78AE7 /* FrostedBackdrop.swift in Sources */ = {isa = PBXBuildFile; fileRef = 7B188E961DDD2F1400C78AE7 /* FrostedBackdrop.swift */; };
		7B1912AC1E32DC290027B1D1 /* CheckmarkButton.swift in Sources */ = {isa = PBXBuildFile; fileRef = 7B1912AB1E32DC290027B1D1 /* CheckmarkButton.swift */; };
		7B1912AE1E32F4FC0027B1D1 /* DisplayBrightnessMinButton.swift in Sources */ = {isa = PBXBuildFile; fileRef = 7B1912AD1E32F4FC0027B1D1 /* DisplayBrightnessMinButton.swift */; };
		7B1912B11E32F6100027B1D1 /* DisplayBrightnessMaxButton.swift in Sources */ = {isa = PBXBuildFile; fileRef = 7B1912B01E32F6100027B1D1 /* DisplayBrightnessMaxButton.swift */; };
		7B1E33B01E298A5E00D5F37B /* HeaderCollectionReusableView.swift in Sources */ = {isa = PBXBuildFile; fileRef = 7B1E33AF1E298A5E00D5F37B /* HeaderCollectionReusableView.swift */; };
		7B1E33B21E29976F00D5F37B /* ReleaseViewController.swift in Sources */ = {isa = PBXBuildFile; fileRef = 7B1E33B11E29976F00D5F37B /* ReleaseViewController.swift */; };
		7B1E33B41E29DEAB00D5F37B /* DownButton.swift in Sources */ = {isa = PBXBuildFile; fileRef = 7B1E33B31E29DEAB00D5F37B /* DownButton.swift */; };
		7B1E33B61E29EAAD00D5F37B /* UrsusCollectionViewCell.swift in Sources */ = {isa = PBXBuildFile; fileRef = 7B1E33B51E29EAAD00D5F37B /* UrsusCollectionViewCell.swift */; };
		7B1E33B81E29EE8100D5F37B /* ArtistsViewController.swift in Sources */ = {isa = PBXBuildFile; fileRef = 7B1E33B71E29EE8100D5F37B /* ArtistsViewController.swift */; };
		7B1F26C41E259A82001876E7 /* FooterCollectionReusableView.swift in Sources */ = {isa = PBXBuildFile; fileRef = 7B1F26C31E259A82001876E7 /* FooterCollectionReusableView.swift */; };
		7B1FF6FB1E271A12004F496E /* ArtworkView.swift in Sources */ = {isa = PBXBuildFile; fileRef = 7B1FF6FA1E271A12004F496E /* ArtworkView.swift */; };
		7B1FF6FD1E271ADE004F496E /* ArtistCollectionViewCell.swift in Sources */ = {isa = PBXBuildFile; fileRef = 7B1FF6FC1E271ADE004F496E /* ArtistCollectionViewCell.swift */; };
		7B2257811DDE74A900F81E12 /* UIImageColors.swift in Sources */ = {isa = PBXBuildFile; fileRef = 7B2257801DDE74A900F81E12 /* UIImageColors.swift */; };
		7B2839E81E330B8900B217D6 /* DisplayBrightnessThresholdCollectionViewCell.swift in Sources */ = {isa = PBXBuildFile; fileRef = 7B2839E71E330B8900B217D6 /* DisplayBrightnessThresholdCollectionViewCell.swift */; };
		7B2AB4921E5FC2B40072FDA6 /* NowPlayingArtistQuickViewButton.swift in Sources */ = {isa = PBXBuildFile; fileRef = 7B2AB4911E5FC2B40072FDA6 /* NowPlayingArtistQuickViewButton.swift */; };
		7B320FAF1E2EEE9D00189B21 /* BlurAndOverlayAnimatedTransitionController.swift in Sources */ = {isa = PBXBuildFile; fileRef = 7B320FAE1E2EEE9D00189B21 /* BlurAndOverlayAnimatedTransitionController.swift */; };
		7B3A86561E1470DB00D55B47 /* PreferenceManager.swift in Sources */ = {isa = PBXBuildFile; fileRef = 7B3A86551E1470DB00D55B47 /* PreferenceManager.swift */; };
		7B3B99691CC4437E00900838 /* AppDelegate.swift in Sources */ = {isa = PBXBuildFile; fileRef = 7B3B99681CC4437E00900838 /* AppDelegate.swift */; };
		7B3B996E1CC4437E00900838 /* Main.storyboard in Resources */ = {isa = PBXBuildFile; fileRef = 7B3B996C1CC4437E00900838 /* Main.storyboard */; };
		7B3B99701CC4437E00900838 /* Assets.xcassets in Resources */ = {isa = PBXBuildFile; fileRef = 7B3B996F1CC4437E00900838 /* Assets.xcassets */; };
		7B3B99731CC4437E00900838 /* LaunchScreen.storyboard in Resources */ = {isa = PBXBuildFile; fileRef = 7B3B99711CC4437E00900838 /* LaunchScreen.storyboard */; };
		7B3B997E1CC4437E00900838 /* UrsusTests.swift in Sources */ = {isa = PBXBuildFile; fileRef = 7B3B997D1CC4437E00900838 /* UrsusTests.swift */; };
		7B3B99891CC4437E00900838 /* UrsusUITests.swift in Sources */ = {isa = PBXBuildFile; fileRef = 7B3B99881CC4437E00900838 /* UrsusUITests.swift */; };
		7B3B99981CC448B300900838 /* RequestManager.swift in Sources */ = {isa = PBXBuildFile; fileRef = 7B3B99971CC448B300900838 /* RequestManager.swift */; };
		7B3FB47A1E4EB3BF0036A167 /* MoreButton.swift in Sources */ = {isa = PBXBuildFile; fileRef = 7B3FB4791E4EB3BF0036A167 /* MoreButton.swift */; };
		7B49D7CC1E51376900C04A8C /* TextAreaCollectionViewCell.swift in Sources */ = {isa = PBXBuildFile; fileRef = 7B49D7CB1E51376900C04A8C /* TextAreaCollectionViewCell.swift */; };
		7B4F0CFE1E5E4C9C0026F13E /* ImportViewController.swift in Sources */ = {isa = PBXBuildFile; fileRef = 7B4F0CFD1E5E4C9C0026F13E /* ImportViewController.swift */; };
		7B4F0D001E5E63060026F13E /* MediaPlayer.framework in Frameworks */ = {isa = PBXBuildFile; fileRef = 7B4F0CFF1E5E63060026F13E /* MediaPlayer.framework */; };
		7B53182F1E13518B004FDFC7 /* ScrollFadeView.swift in Sources */ = {isa = PBXBuildFile; fileRef = 7B53182E1E13518B004FDFC7 /* ScrollFadeView.swift */; };
		7B5609751E1CA5BB0054CB40 /* SettingsButton.swift in Sources */ = {isa = PBXBuildFile; fileRef = 7B5609741E1CA5BB0054CB40 /* SettingsButton.swift */; };
		7B5E50661E591B36003B08AA /* ReleaseSortingViewController.swift in Sources */ = {isa = PBXBuildFile; fileRef = 7B5E50651E591B36003B08AA /* ReleaseSortingViewController.swift */; };
		7B5FCE881E301866008AC1F7 /* RevealBehindAnimatedTransitionController.swift in Sources */ = {isa = PBXBuildFile; fileRef = 7B5FCE871E301866008AC1F7 /* RevealBehindAnimatedTransitionController.swift */; };
		7B5FCE8A1E304A4B008AC1F7 /* UrsusBlurView.swift in Sources */ = {isa = PBXBuildFile; fileRef = 7B5FCE891E304A4B008AC1F7 /* UrsusBlurView.swift */; };
		7B5FCE8C1E305224008AC1F7 /* UrsusShadowBackdrop.swift in Sources */ = {isa = PBXBuildFile; fileRef = 7B5FCE8B1E305224008AC1F7 /* UrsusShadowBackdrop.swift */; };
		7B679B4C1E21730800649FD6 /* CoreLocation.framework in Frameworks */ = {isa = PBXBuildFile; fileRef = 7B679B4B1E21730800649FD6 /* CoreLocation.framework */; };
		7B679B501E22AD3B00649FD6 /* SettingsViewController.swift in Sources */ = {isa = PBXBuildFile; fileRef = 7B679B4F1E22AD3B00649FD6 /* SettingsViewController.swift */; };
		7B679B521E22C7F500649FD6 /* ArtistsButton.swift in Sources */ = {isa = PBXBuildFile; fileRef = 7B679B511E22C7F500649FD6 /* ArtistsButton.swift */; };
		7B71CCC21DD7A87200DAE910 /* NewReleasesViewController.swift in Sources */ = {isa = PBXBuildFile; fileRef = 7B71CCC11DD7A87200DAE910 /* NewReleasesViewController.swift */; };
		7B71CCC41DD7C0D700DAE910 /* ArtistSearchBar.swift in Sources */ = {isa = PBXBuildFile; fileRef = 7B71CCC31DD7C0D700DAE910 /* ArtistSearchBar.swift */; };
		7B740F161DD8D9AA0085F5C8 /* UrsusButton.swift in Sources */ = {isa = PBXBuildFile; fileRef = 7B740F151DD8D9AA0085F5C8 /* UrsusButton.swift */; };
		7B79991A1E1DE092003E2F28 /* SearchButton.swift in Sources */ = {isa = PBXBuildFile; fileRef = 7B7999191E1DE092003E2F28 /* SearchButton.swift */; };
		7B79991C1E1F3C21003E2F28 /* ArtistSearchViewController.swift in Sources */ = {isa = PBXBuildFile; fileRef = 7B79991B1E1F3C21003E2F28 /* ArtistSearchViewController.swift */; };
		7B8200ED1CDABE9200A99C68 /* Artist.swift in Sources */ = {isa = PBXBuildFile; fileRef = 7B8200EC1CDABE9200A99C68 /* Artist.swift */; };
		7B8DC4051E31A16D00EBEED0 /* SettingsCollectionViewCell.swift in Sources */ = {isa = PBXBuildFile; fileRef = 7B8DC4041E31A16D00EBEED0 /* SettingsCollectionViewCell.swift */; };
		7BB3D5EA1DEBDBEB002367C3 /* LeftButton.swift in Sources */ = {isa = PBXBuildFile; fileRef = 7BB3D5E91DEBDBEB002367C3 /* LeftButton.swift */; };
		7BBB6D6F1E2AC2A700C2F466 /* UrsusCountIndicator.swift in Sources */ = {isa = PBXBuildFile; fileRef = 7BBB6D6E1E2AC2A700C2F466 /* UrsusCountIndicator.swift */; };
		7BBE862A1E36E06100952328 /* PopInAnimatedTransitionController.swift in Sources */ = {isa = PBXBuildFile; fileRef = 7BBE86291E36E06100952328 /* PopInAnimatedTransitionController.swift */; };
		7BC8DE251DED285B0004A7F9 /* RoundedTextField.swift in Sources */ = {isa = PBXBuildFile; fileRef = 7BC8DE241DED285B0004A7F9 /* RoundedTextField.swift */; };
		7BD499501E35AF1B00C2B7E7 /* UIPickerCollectionViewCell.swift in Sources */ = {isa = PBXBuildFile; fileRef = 7BD4994F1E35AF1B00C2B7E7 /* UIPickerCollectionViewCell.swift */; };
		7BD89A171E2D74EC00FAF502 /* GoogleService-Info.plist in Resources */ = {isa = PBXBuildFile; fileRef = 7BD89A161E2D74EC00FAF502 /* GoogleService-Info.plist */; };
		7BE387A01E3AC7DB000F85F2 /* CloseButton.swift in Sources */ = {isa = PBXBuildFile; fileRef = 7BE3879F1E3AC7DB000F85F2 /* CloseButton.swift */; };
		7BE387A21E3AD038000F85F2 /* PopInFromFrameAnimatedTransitionController.swift in Sources */ = {isa = PBXBuildFile; fileRef = 7BE387A11E3AD038000F85F2 /* PopInFromFrameAnimatedTransitionController.swift */; };
		7BE90EA61E4D5E8600A74E94 /* SortButton.swift in Sources */ = {isa = PBXBuildFile; fileRef = 7BE90EA51E4D5E8600A74E94 /* SortButton.swift */; };
		7BEB34BD1DF061E300888FF1 /* UrsusViewController.swift in Sources */ = {isa = PBXBuildFile; fileRef = 7BEB34BC1DF061E300888FF1 /* UrsusViewController.swift */; };
		7BEB34BF1DF0679800888FF1 /* UrsusStoryboardSegue.swift in Sources */ = {isa = PBXBuildFile; fileRef = 7BEB34BE1DF0679800888FF1 /* UrsusStoryboardSegue.swift */; };
		7BEE31EE1E4406C2001BB019 /* SlideDownAnimatedTransitionController.swift in Sources */ = {isa = PBXBuildFile; fileRef = 7BEE31ED1E4406C2001BB019 /* SlideDownAnimatedTransitionController.swift */; };
		DC9BC1081C914DAB67480E0B /* Pods_Ursus.framework in Frameworks */ = {isa = PBXBuildFile; fileRef = 161B513C4B4A6044F64D9C1A /* Pods_Ursus.framework */; };
/* End PBXBuildFile section */

/* Begin PBXContainerItemProxy section */
		7B3B997A1CC4437E00900838 /* PBXContainerItemProxy */ = {
			isa = PBXContainerItemProxy;
			containerPortal = 7B3B995D1CC4437E00900838 /* Project object */;
			proxyType = 1;
			remoteGlobalIDString = 7B3B99641CC4437E00900838;
			remoteInfo = Ursus;
		};
		7B3B99851CC4437E00900838 /* PBXContainerItemProxy */ = {
			isa = PBXContainerItemProxy;
			containerPortal = 7B3B995D1CC4437E00900838 /* Project object */;
			proxyType = 1;
			remoteGlobalIDString = 7B3B99641CC4437E00900838;
			remoteInfo = Ursus;
		};
/* End PBXContainerItemProxy section */

/* Begin PBXFileReference section */
		161B513C4B4A6044F64D9C1A /* Pods_Ursus.framework */ = {isa = PBXFileReference; explicitFileType = wrapper.framework; includeInIndex = 0; path = Pods_Ursus.framework; sourceTree = BUILT_PRODUCTS_DIR; };
		17701650A4D779507C79561C /* Pods_UrsusUITests.framework */ = {isa = PBXFileReference; explicitFileType = wrapper.framework; includeInIndex = 0; path = Pods_UrsusUITests.framework; sourceTree = BUILT_PRODUCTS_DIR; };
		4643552B41BC957071F398CF /* Pods-UrsusTests.debug.xcconfig */ = {isa = PBXFileReference; includeInIndex = 1; lastKnownFileType = text.xcconfig; name = "Pods-UrsusTests.debug.xcconfig"; path = "Pods/Target Support Files/Pods-UrsusTests/Pods-UrsusTests.debug.xcconfig"; sourceTree = "<group>"; };
		473F026E9ABAA59BB29D35D9 /* Pods-UrsusUITests.release.xcconfig */ = {isa = PBXFileReference; includeInIndex = 1; lastKnownFileType = text.xcconfig; name = "Pods-UrsusUITests.release.xcconfig"; path = "Pods/Target Support Files/Pods-UrsusUITests/Pods-UrsusUITests.release.xcconfig"; sourceTree = "<group>"; };
		71C360F3A9BA924567BD0BF9 /* Pods-UrsusUITests.debug.xcconfig */ = {isa = PBXFileReference; includeInIndex = 1; lastKnownFileType = text.xcconfig; name = "Pods-UrsusUITests.debug.xcconfig"; path = "Pods/Target Support Files/Pods-UrsusUITests/Pods-UrsusUITests.debug.xcconfig"; sourceTree = "<group>"; };
		7B121F7F1E2C3AAA004458DC /* ThemeModeCollectionViewCell.swift */ = {isa = PBXFileReference; fileEncoding = 4; lastKnownFileType = sourcecode.swift; name = ThemeModeCollectionViewCell.swift; path = "Collection View Components/ThemeModeCollectionViewCell.swift"; sourceTree = "<group>"; };
		7B150E831DDFDF0800965D2A /* StyleKit.swift */ = {isa = PBXFileReference; fileEncoding = 4; lastKnownFileType = sourcecode.swift; path = StyleKit.swift; sourceTree = "<group>"; };
		7B15CB4C1DDBDF9600CE48C1 /* ArtistViewController.swift */ = {isa = PBXFileReference; fileEncoding = 4; lastKnownFileType = sourcecode.swift; path = ArtistViewController.swift; sourceTree = "<group>"; };
		7B15CB4E1DDBDFC200CE48C1 /* ArtistSearchResultsViewController.swift */ = {isa = PBXFileReference; fileEncoding = 4; lastKnownFileType = sourcecode.swift; path = ArtistSearchResultsViewController.swift; sourceTree = "<group>"; };
		7B173AEA1E52AE370011C0BB /* RightButton.swift */ = {isa = PBXFileReference; fileEncoding = 4; lastKnownFileType = sourcecode.swift; name = RightButton.swift; path = Buttons/RightButton.swift; sourceTree = "<group>"; };
		7B173AEC1E52AE890011C0BB /* UpButton.swift */ = {isa = PBXFileReference; fileEncoding = 4; lastKnownFileType = sourcecode.swift; name = UpButton.swift; path = Buttons/UpButton.swift; sourceTree = "<group>"; };
		7B179DB11E104CBA000F0DED /* Release.swift */ = {isa = PBXFileReference; fileEncoding = 4; lastKnownFileType = sourcecode.swift; path = Release.swift; sourceTree = "<group>"; };
		7B179DB31E107E82000F0DED /* ReleaseCollectionViewCell.swift */ = {isa = PBXFileReference; fileEncoding = 4; lastKnownFileType = sourcecode.swift; name = ReleaseCollectionViewCell.swift; path = "Collection View Components/ReleaseCollectionViewCell.swift"; sourceTree = "<group>"; };
		7B188E961DDD2F1400C78AE7 /* FrostedBackdrop.swift */ = {isa = PBXFileReference; fileEncoding = 4; lastKnownFileType = sourcecode.swift; path = FrostedBackdrop.swift; sourceTree = "<group>"; };
		7B1912AB1E32DC290027B1D1 /* CheckmarkButton.swift */ = {isa = PBXFileReference; fileEncoding = 4; lastKnownFileType = sourcecode.swift; name = CheckmarkButton.swift; path = Buttons/CheckmarkButton.swift; sourceTree = "<group>"; };
		7B1912AD1E32F4FC0027B1D1 /* DisplayBrightnessMinButton.swift */ = {isa = PBXFileReference; fileEncoding = 4; lastKnownFileType = sourcecode.swift; name = DisplayBrightnessMinButton.swift; path = Buttons/DisplayBrightnessMinButton.swift; sourceTree = "<group>"; };
		7B1912B01E32F6100027B1D1 /* DisplayBrightnessMaxButton.swift */ = {isa = PBXFileReference; fileEncoding = 4; lastKnownFileType = sourcecode.swift; name = DisplayBrightnessMaxButton.swift; path = Buttons/DisplayBrightnessMaxButton.swift; sourceTree = "<group>"; };
		7B1E33AF1E298A5E00D5F37B /* HeaderCollectionReusableView.swift */ = {isa = PBXFileReference; fileEncoding = 4; lastKnownFileType = sourcecode.swift; name = HeaderCollectionReusableView.swift; path = "Collection View Components/HeaderCollectionReusableView.swift"; sourceTree = "<group>"; };
		7B1E33B11E29976F00D5F37B /* ReleaseViewController.swift */ = {isa = PBXFileReference; fileEncoding = 4; lastKnownFileType = sourcecode.swift; path = ReleaseViewController.swift; sourceTree = "<group>"; };
		7B1E33B31E29DEAB00D5F37B /* DownButton.swift */ = {isa = PBXFileReference; fileEncoding = 4; lastKnownFileType = sourcecode.swift; name = DownButton.swift; path = Buttons/DownButton.swift; sourceTree = "<group>"; };
		7B1E33B51E29EAAD00D5F37B /* UrsusCollectionViewCell.swift */ = {isa = PBXFileReference; fileEncoding = 4; lastKnownFileType = sourcecode.swift; name = UrsusCollectionViewCell.swift; path = "Collection View Components/UrsusCollectionViewCell.swift"; sourceTree = "<group>"; };
		7B1E33B71E29EE8100D5F37B /* ArtistsViewController.swift */ = {isa = PBXFileReference; fileEncoding = 4; lastKnownFileType = sourcecode.swift; path = ArtistsViewController.swift; sourceTree = "<group>"; };
		7B1F26C31E259A82001876E7 /* FooterCollectionReusableView.swift */ = {isa = PBXFileReference; fileEncoding = 4; lastKnownFileType = sourcecode.swift; name = FooterCollectionReusableView.swift; path = "Collection View Components/FooterCollectionReusableView.swift"; sourceTree = "<group>"; };
		7B1FF6FA1E271A12004F496E /* ArtworkView.swift */ = {isa = PBXFileReference; fileEncoding = 4; lastKnownFileType = sourcecode.swift; path = ArtworkView.swift; sourceTree = "<group>"; };
		7B1FF6FC1E271ADE004F496E /* ArtistCollectionViewCell.swift */ = {isa = PBXFileReference; fileEncoding = 4; lastKnownFileType = sourcecode.swift; name = ArtistCollectionViewCell.swift; path = "Collection View Components/ArtistCollectionViewCell.swift"; sourceTree = "<group>"; };
		7B2257801DDE74A900F81E12 /* UIImageColors.swift */ = {isa = PBXFileReference; fileEncoding = 4; lastKnownFileType = sourcecode.swift; name = UIImageColors.swift; path = Extensions/UIImageColors.swift; sourceTree = "<group>"; };
		7B2839E71E330B8900B217D6 /* DisplayBrightnessThresholdCollectionViewCell.swift */ = {isa = PBXFileReference; fileEncoding = 4; lastKnownFileType = sourcecode.swift; name = DisplayBrightnessThresholdCollectionViewCell.swift; path = "Collection View Components/DisplayBrightnessThresholdCollectionViewCell.swift"; sourceTree = "<group>"; };
		7B2AB4911E5FC2B40072FDA6 /* NowPlayingArtistQuickViewButton.swift */ = {isa = PBXFileReference; fileEncoding = 4; lastKnownFileType = sourcecode.swift; name = NowPlayingArtistQuickViewButton.swift; path = Buttons/NowPlayingArtistQuickViewButton.swift; sourceTree = "<group>"; };
		7B320FAE1E2EEE9D00189B21 /* BlurAndOverlayAnimatedTransitionController.swift */ = {isa = PBXFileReference; fileEncoding = 4; lastKnownFileType = sourcecode.swift; name = BlurAndOverlayAnimatedTransitionController.swift; path = "Transition Controllers/BlurAndOverlayAnimatedTransitionController.swift"; sourceTree = "<group>"; };
		7B3A86551E1470DB00D55B47 /* PreferenceManager.swift */ = {isa = PBXFileReference; fileEncoding = 4; lastKnownFileType = sourcecode.swift; path = PreferenceManager.swift; sourceTree = "<group>"; };
		7B3B99651CC4437E00900838 /* Ursus.app */ = {isa = PBXFileReference; explicitFileType = wrapper.application; includeInIndex = 0; path = Ursus.app; sourceTree = BUILT_PRODUCTS_DIR; };
		7B3B99681CC4437E00900838 /* AppDelegate.swift */ = {isa = PBXFileReference; lastKnownFileType = sourcecode.swift; path = AppDelegate.swift; sourceTree = "<group>"; };
		7B3B996D1CC4437E00900838 /* Base */ = {isa = PBXFileReference; lastKnownFileType = file.storyboard; name = Base; path = Base.lproj/Main.storyboard; sourceTree = "<group>"; };
		7B3B996F1CC4437E00900838 /* Assets.xcassets */ = {isa = PBXFileReference; lastKnownFileType = folder.assetcatalog; path = Assets.xcassets; sourceTree = "<group>"; };
		7B3B99721CC4437E00900838 /* Base */ = {isa = PBXFileReference; lastKnownFileType = file.storyboard; name = Base; path = Base.lproj/LaunchScreen.storyboard; sourceTree = "<group>"; };
		7B3B99741CC4437E00900838 /* Info.plist */ = {isa = PBXFileReference; lastKnownFileType = text.plist.xml; path = Info.plist; sourceTree = "<group>"; };
		7B3B99791CC4437E00900838 /* UrsusTests.xctest */ = {isa = PBXFileReference; explicitFileType = wrapper.cfbundle; includeInIndex = 0; path = UrsusTests.xctest; sourceTree = BUILT_PRODUCTS_DIR; };
		7B3B997D1CC4437E00900838 /* UrsusTests.swift */ = {isa = PBXFileReference; lastKnownFileType = sourcecode.swift; path = UrsusTests.swift; sourceTree = "<group>"; };
		7B3B997F1CC4437E00900838 /* Info.plist */ = {isa = PBXFileReference; lastKnownFileType = text.plist.xml; path = Info.plist; sourceTree = "<group>"; };
		7B3B99841CC4437E00900838 /* UrsusUITests.xctest */ = {isa = PBXFileReference; explicitFileType = wrapper.cfbundle; includeInIndex = 0; path = UrsusUITests.xctest; sourceTree = BUILT_PRODUCTS_DIR; };
		7B3B99881CC4437E00900838 /* UrsusUITests.swift */ = {isa = PBXFileReference; lastKnownFileType = sourcecode.swift; path = UrsusUITests.swift; sourceTree = "<group>"; };
		7B3B998A1CC4437E00900838 /* Info.plist */ = {isa = PBXFileReference; lastKnownFileType = text.plist.xml; path = Info.plist; sourceTree = "<group>"; };
		7B3B99961CC443DF00900838 /* Ursus.entitlements */ = {isa = PBXFileReference; lastKnownFileType = text.xml; path = Ursus.entitlements; sourceTree = "<group>"; };
		7B3B99971CC448B300900838 /* RequestManager.swift */ = {isa = PBXFileReference; fileEncoding = 4; lastKnownFileType = sourcecode.swift; path = RequestManager.swift; sourceTree = "<group>"; };
		7B3FB4791E4EB3BF0036A167 /* MoreButton.swift */ = {isa = PBXFileReference; fileEncoding = 4; lastKnownFileType = sourcecode.swift; name = MoreButton.swift; path = Buttons/MoreButton.swift; sourceTree = "<group>"; };
		7B49D7CB1E51376900C04A8C /* TextAreaCollectionViewCell.swift */ = {isa = PBXFileReference; fileEncoding = 4; lastKnownFileType = sourcecode.swift; name = TextAreaCollectionViewCell.swift; path = "Collection View Components/TextAreaCollectionViewCell.swift"; sourceTree = "<group>"; };
		7B4F0CFD1E5E4C9C0026F13E /* ImportViewController.swift */ = {isa = PBXFileReference; fileEncoding = 4; lastKnownFileType = sourcecode.swift; path = ImportViewController.swift; sourceTree = "<group>"; };
		7B4F0CFF1E5E63060026F13E /* MediaPlayer.framework */ = {isa = PBXFileReference; lastKnownFileType = wrapper.framework; name = MediaPlayer.framework; path = System/Library/Frameworks/MediaPlayer.framework; sourceTree = SDKROOT; };
		7B53182E1E13518B004FDFC7 /* ScrollFadeView.swift */ = {isa = PBXFileReference; fileEncoding = 4; lastKnownFileType = sourcecode.swift; path = ScrollFadeView.swift; sourceTree = "<group>"; };
		7B5609741E1CA5BB0054CB40 /* SettingsButton.swift */ = {isa = PBXFileReference; fileEncoding = 4; lastKnownFileType = sourcecode.swift; name = SettingsButton.swift; path = Buttons/SettingsButton.swift; sourceTree = "<group>"; };
		7B5E50651E591B36003B08AA /* ReleaseSortingViewController.swift */ = {isa = PBXFileReference; fileEncoding = 4; lastKnownFileType = sourcecode.swift; path = ReleaseSortingViewController.swift; sourceTree = "<group>"; };
		7B5FCE871E301866008AC1F7 /* RevealBehindAnimatedTransitionController.swift */ = {isa = PBXFileReference; fileEncoding = 4; lastKnownFileType = sourcecode.swift; name = RevealBehindAnimatedTransitionController.swift; path = "Transition Controllers/RevealBehindAnimatedTransitionController.swift"; sourceTree = "<group>"; };
		7B5FCE891E304A4B008AC1F7 /* UrsusBlurView.swift */ = {isa = PBXFileReference; fileEncoding = 4; lastKnownFileType = sourcecode.swift; path = UrsusBlurView.swift; sourceTree = "<group>"; };
		7B5FCE8B1E305224008AC1F7 /* UrsusShadowBackdrop.swift */ = {isa = PBXFileReference; fileEncoding = 4; lastKnownFileType = sourcecode.swift; path = UrsusShadowBackdrop.swift; sourceTree = "<group>"; };
		7B679B4B1E21730800649FD6 /* CoreLocation.framework */ = {isa = PBXFileReference; lastKnownFileType = wrapper.framework; name = CoreLocation.framework; path = System/Library/Frameworks/CoreLocation.framework; sourceTree = SDKROOT; };
		7B679B4F1E22AD3B00649FD6 /* SettingsViewController.swift */ = {isa = PBXFileReference; fileEncoding = 4; lastKnownFileType = sourcecode.swift; path = SettingsViewController.swift; sourceTree = "<group>"; };
		7B679B511E22C7F500649FD6 /* ArtistsButton.swift */ = {isa = PBXFileReference; fileEncoding = 4; lastKnownFileType = sourcecode.swift; name = ArtistsButton.swift; path = Buttons/ArtistsButton.swift; sourceTree = "<group>"; };
		7B71CCC11DD7A87200DAE910 /* NewReleasesViewController.swift */ = {isa = PBXFileReference; fileEncoding = 4; lastKnownFileType = sourcecode.swift; path = NewReleasesViewController.swift; sourceTree = "<group>"; };
		7B71CCC31DD7C0D700DAE910 /* ArtistSearchBar.swift */ = {isa = PBXFileReference; fileEncoding = 4; lastKnownFileType = sourcecode.swift; path = ArtistSearchBar.swift; sourceTree = "<group>"; };
		7B740F151DD8D9AA0085F5C8 /* UrsusButton.swift */ = {isa = PBXFileReference; fileEncoding = 4; lastKnownFileType = sourcecode.swift; name = UrsusButton.swift; path = Buttons/UrsusButton.swift; sourceTree = "<group>"; };
		7B7999191E1DE092003E2F28 /* SearchButton.swift */ = {isa = PBXFileReference; fileEncoding = 4; lastKnownFileType = sourcecode.swift; name = SearchButton.swift; path = Buttons/SearchButton.swift; sourceTree = "<group>"; };
		7B79991B1E1F3C21003E2F28 /* ArtistSearchViewController.swift */ = {isa = PBXFileReference; fileEncoding = 4; lastKnownFileType = sourcecode.swift; path = ArtistSearchViewController.swift; sourceTree = "<group>"; };
		7B7B88B51E0DD81E0012B8A3 /* Telekinesis.framework */ = {isa = PBXFileReference; lastKnownFileType = wrapper.framework; name = Telekinesis.framework; path = Frameworks/Telekinesis.framework; sourceTree = "<group>"; };
		7B8200EC1CDABE9200A99C68 /* Artist.swift */ = {isa = PBXFileReference; fileEncoding = 4; lastKnownFileType = sourcecode.swift; path = Artist.swift; sourceTree = "<group>"; };
		7B8DC4041E31A16D00EBEED0 /* SettingsCollectionViewCell.swift */ = {isa = PBXFileReference; fileEncoding = 4; lastKnownFileType = sourcecode.swift; name = SettingsCollectionViewCell.swift; path = "Collection View Components/SettingsCollectionViewCell.swift"; sourceTree = "<group>"; };
		7BB3D5E91DEBDBEB002367C3 /* LeftButton.swift */ = {isa = PBXFileReference; fileEncoding = 4; lastKnownFileType = sourcecode.swift; name = LeftButton.swift; path = Buttons/LeftButton.swift; sourceTree = "<group>"; };
		7BBB6D6E1E2AC2A700C2F466 /* UrsusCountIndicator.swift */ = {isa = PBXFileReference; fileEncoding = 4; lastKnownFileType = sourcecode.swift; path = UrsusCountIndicator.swift; sourceTree = "<group>"; };
		7BBE86291E36E06100952328 /* PopInAnimatedTransitionController.swift */ = {isa = PBXFileReference; fileEncoding = 4; lastKnownFileType = sourcecode.swift; name = PopInAnimatedTransitionController.swift; path = "Transition Controllers/PopInAnimatedTransitionController.swift"; sourceTree = "<group>"; };
		7BC8DE241DED285B0004A7F9 /* RoundedTextField.swift */ = {isa = PBXFileReference; fileEncoding = 4; lastKnownFileType = sourcecode.swift; path = RoundedTextField.swift; sourceTree = "<group>"; };
		7BD4994F1E35AF1B00C2B7E7 /* UIPickerCollectionViewCell.swift */ = {isa = PBXFileReference; fileEncoding = 4; lastKnownFileType = sourcecode.swift; name = UIPickerCollectionViewCell.swift; path = "Collection View Components/UIPickerCollectionViewCell.swift"; sourceTree = "<group>"; };
		7BD89A161E2D74EC00FAF502 /* GoogleService-Info.plist */ = {isa = PBXFileReference; fileEncoding = 4; lastKnownFileType = text.plist.xml; path = "GoogleService-Info.plist"; sourceTree = "<group>"; };
		7BE3879F1E3AC7DB000F85F2 /* CloseButton.swift */ = {isa = PBXFileReference; fileEncoding = 4; lastKnownFileType = sourcecode.swift; name = CloseButton.swift; path = Buttons/CloseButton.swift; sourceTree = "<group>"; };
		7BE387A11E3AD038000F85F2 /* PopInFromFrameAnimatedTransitionController.swift */ = {isa = PBXFileReference; fileEncoding = 4; lastKnownFileType = sourcecode.swift; name = PopInFromFrameAnimatedTransitionController.swift; path = "Transition Controllers/PopInFromFrameAnimatedTransitionController.swift"; sourceTree = "<group>"; };
		7BE90EA51E4D5E8600A74E94 /* SortButton.swift */ = {isa = PBXFileReference; fileEncoding = 4; lastKnownFileType = sourcecode.swift; name = SortButton.swift; path = Buttons/SortButton.swift; sourceTree = "<group>"; };
		7BEB34BC1DF061E300888FF1 /* UrsusViewController.swift */ = {isa = PBXFileReference; fileEncoding = 4; lastKnownFileType = sourcecode.swift; path = UrsusViewController.swift; sourceTree = "<group>"; };
		7BEB34BE1DF0679800888FF1 /* UrsusStoryboardSegue.swift */ = {isa = PBXFileReference; fileEncoding = 4; lastKnownFileType = sourcecode.swift; path = UrsusStoryboardSegue.swift; sourceTree = "<group>"; };
		7BEE31ED1E4406C2001BB019 /* SlideDownAnimatedTransitionController.swift */ = {isa = PBXFileReference; fileEncoding = 4; lastKnownFileType = sourcecode.swift; name = SlideDownAnimatedTransitionController.swift; path = "Transition Controllers/SlideDownAnimatedTransitionController.swift"; sourceTree = "<group>"; };
		A9AE32A717C7271F3F5B41C8 /* Pods-Ursus.release.xcconfig */ = {isa = PBXFileReference; includeInIndex = 1; lastKnownFileType = text.xcconfig; name = "Pods-Ursus.release.xcconfig"; path = "Pods/Target Support Files/Pods-Ursus/Pods-Ursus.release.xcconfig"; sourceTree = "<group>"; };
		C4271E9964D26860660C1774 /* Pods_UrsusTests.framework */ = {isa = PBXFileReference; explicitFileType = wrapper.framework; includeInIndex = 0; path = Pods_UrsusTests.framework; sourceTree = BUILT_PRODUCTS_DIR; };
		E8C3E14020C2F526B042C182 /* Pods-UrsusTests.release.xcconfig */ = {isa = PBXFileReference; includeInIndex = 1; lastKnownFileType = text.xcconfig; name = "Pods-UrsusTests.release.xcconfig"; path = "Pods/Target Support Files/Pods-UrsusTests/Pods-UrsusTests.release.xcconfig"; sourceTree = "<group>"; };
		F682E1AD5AE21C18DE9E99D7 /* Pods-Ursus.debug.xcconfig */ = {isa = PBXFileReference; includeInIndex = 1; lastKnownFileType = text.xcconfig; name = "Pods-Ursus.debug.xcconfig"; path = "Pods/Target Support Files/Pods-Ursus/Pods-Ursus.debug.xcconfig"; sourceTree = "<group>"; };
/* End PBXFileReference section */

/* Begin PBXFrameworksBuildPhase section */
		7B3B99621CC4437E00900838 /* Frameworks */ = {
			isa = PBXFrameworksBuildPhase;
			buildActionMask = 2147483647;
			files = (
				7B4F0D001E5E63060026F13E /* MediaPlayer.framework in Frameworks */,
				7B679B4C1E21730800649FD6 /* CoreLocation.framework in Frameworks */,
				DC9BC1081C914DAB67480E0B /* Pods_Ursus.framework in Frameworks */,
			);
			runOnlyForDeploymentPostprocessing = 0;
		};
		7B3B99761CC4437E00900838 /* Frameworks */ = {
			isa = PBXFrameworksBuildPhase;
			buildActionMask = 2147483647;
			files = (
				210D492F5379AC336881D453 /* Pods_UrsusTests.framework in Frameworks */,
			);
			runOnlyForDeploymentPostprocessing = 0;
		};
		7B3B99811CC4437E00900838 /* Frameworks */ = {
			isa = PBXFrameworksBuildPhase;
			buildActionMask = 2147483647;
			files = (
				72D5CC5FF741B20CD526DBC7 /* Pods_UrsusUITests.framework in Frameworks */,
			);
			runOnlyForDeploymentPostprocessing = 0;
		};
/* End PBXFrameworksBuildPhase section */

/* Begin PBXGroup section */
		7B1912AF1E32F5490027B1D1 /* Buttons */ = {
			isa = PBXGroup;
			children = (
				7B679B511E22C7F500649FD6 /* ArtistsButton.swift */,
				7BB3D5E91DEBDBEB002367C3 /* LeftButton.swift */,
				7B1912AB1E32DC290027B1D1 /* CheckmarkButton.swift */,
				7BE3879F1E3AC7DB000F85F2 /* CloseButton.swift */,
				7B1912B01E32F6100027B1D1 /* DisplayBrightnessMaxButton.swift */,
				7B1912AD1E32F4FC0027B1D1 /* DisplayBrightnessMinButton.swift */,
				7B1E33B31E29DEAB00D5F37B /* DownButton.swift */,
				7B3FB4791E4EB3BF0036A167 /* MoreButton.swift */,
				7B7999191E1DE092003E2F28 /* SearchButton.swift */,
				7B5609741E1CA5BB0054CB40 /* SettingsButton.swift */,
				7BE90EA51E4D5E8600A74E94 /* SortButton.swift */,
				7B740F151DD8D9AA0085F5C8 /* UrsusButton.swift */,
				7B173AEA1E52AE370011C0BB /* RightButton.swift */,
				7BBB6D6E1E2AC2A700C2F466 /* UrsusCountIndicator.swift */,
				7B173AEC1E52AE890011C0BB /* UpButton.swift */,
				7B2AB4911E5FC2B40072FDA6 /* NowPlayingArtistQuickViewButton.swift */,
			);
			name = Buttons;
			sourceTree = "<group>";
		};
		7B22577F1DDE746700F81E12 /* Extensions */ = {
			isa = PBXGroup;
			children = (
				7B2257801DDE74A900F81E12 /* UIImageColors.swift */,
			);
			name = Extensions;
			sourceTree = "<group>";
		};
		7B2839E61E330B2900B217D6 /* Collection View Components */ = {
			isa = PBXGroup;
			children = (
				7B1FF6FC1E271ADE004F496E /* ArtistCollectionViewCell.swift */,
				7B2839E71E330B8900B217D6 /* DisplayBrightnessThresholdCollectionViewCell.swift */,
				7B1F26C31E259A82001876E7 /* FooterCollectionReusableView.swift */,
				7B1E33AF1E298A5E00D5F37B /* HeaderCollectionReusableView.swift */,
				7B179DB31E107E82000F0DED /* ReleaseCollectionViewCell.swift */,
				7B8DC4041E31A16D00EBEED0 /* SettingsCollectionViewCell.swift */,
				7B121F7F1E2C3AAA004458DC /* ThemeModeCollectionViewCell.swift */,
				7BD4994F1E35AF1B00C2B7E7 /* UIPickerCollectionViewCell.swift */,
				7B1E33B51E29EAAD00D5F37B /* UrsusCollectionViewCell.swift */,
				7B49D7CB1E51376900C04A8C /* TextAreaCollectionViewCell.swift */,
			);
			name = "Collection View Components";
			sourceTree = "<group>";
		};
		7B320FAD1E2EEE7500189B21 /* Transition Controllers */ = {
			isa = PBXGroup;
			children = (
				7B320FAE1E2EEE9D00189B21 /* BlurAndOverlayAnimatedTransitionController.swift */,
				7B5FCE871E301866008AC1F7 /* RevealBehindAnimatedTransitionController.swift */,
				7BBE86291E36E06100952328 /* PopInAnimatedTransitionController.swift */,
				7BE387A11E3AD038000F85F2 /* PopInFromFrameAnimatedTransitionController.swift */,
				7BEE31ED1E4406C2001BB019 /* SlideDownAnimatedTransitionController.swift */,
			);
			name = "Transition Controllers";
			sourceTree = "<group>";
		};
		7B3B995C1CC4437E00900838 = {
			isa = PBXGroup;
			children = (
				7BD653781DE2B0860069E46E /* Frameworks */,
				7BBE54AE4B31BDEDC871CDDD /* Pods */,
				7B3B99661CC4437E00900838 /* Products */,
				7B3B99671CC4437E00900838 /* Ursus */,
				7B3B997C1CC4437E00900838 /* UrsusTests */,
				7B3B99871CC4437E00900838 /* UrsusUITests */,
			);
			sourceTree = "<group>";
		};
		7B3B99661CC4437E00900838 /* Products */ = {
			isa = PBXGroup;
			children = (
				7B3B99651CC4437E00900838 /* Ursus.app */,
				7B3B99791CC4437E00900838 /* UrsusTests.xctest */,
				7B3B99841CC4437E00900838 /* UrsusUITests.xctest */,
			);
			name = Products;
			sourceTree = "<group>";
		};
		7B3B99671CC4437E00900838 /* Ursus */ = {
			isa = PBXGroup;
			children = (
				7B3B99681CC4437E00900838 /* AppDelegate.swift */,
				7B3B996F1CC4437E00900838 /* Assets.xcassets */,
				7B442A261DDABB3C00F52AB0 /* Controller Components */,
				7B22577F1DDE746700F81E12 /* Extensions */,
				7BD89A161E2D74EC00FAF502 /* GoogleService-Info.plist */,
				7B3B99741CC4437E00900838 /* Info.plist */,
				7B3B99711CC4437E00900838 /* LaunchScreen.storyboard */,
				7B3B996C1CC4437E00900838 /* Main.storyboard */,
				7B8200EB1CDABE7700A99C68 /* Model Components */,
				7B3A86551E1470DB00D55B47 /* PreferenceManager.swift */,
				7B3B99971CC448B300900838 /* RequestManager.swift */,
				7B3B99961CC443DF00900838 /* Ursus.entitlements */,
				7B8200EA1CDABA2600A99C68 /* View Components */,
			);
			path = Ursus;
			sourceTree = "<group>";
		};
		7B3B997C1CC4437E00900838 /* UrsusTests */ = {
			isa = PBXGroup;
			children = (
				7B3B997F1CC4437E00900838 /* Info.plist */,
				7B3B997D1CC4437E00900838 /* UrsusTests.swift */,
			);
			path = UrsusTests;
			sourceTree = "<group>";
		};
		7B3B99871CC4437E00900838 /* UrsusUITests */ = {
			isa = PBXGroup;
			children = (
				7B3B998A1CC4437E00900838 /* Info.plist */,
				7B3B99881CC4437E00900838 /* UrsusUITests.swift */,
			);
			path = UrsusUITests;
			sourceTree = "<group>";
		};
		7B442A261DDABB3C00F52AB0 /* Controller Components */ = {
			isa = PBXGroup;
			children = (
				7B15CB4E1DDBDFC200CE48C1 /* ArtistSearchResultsViewController.swift */,
				7B79991B1E1F3C21003E2F28 /* ArtistSearchViewController.swift */,
				7B1E33B71E29EE8100D5F37B /* ArtistsViewController.swift */,
				7B15CB4C1DDBDF9600CE48C1 /* ArtistViewController.swift */,
				7B4F0CFD1E5E4C9C0026F13E /* ImportViewController.swift */,
				7B71CCC11DD7A87200DAE910 /* NewReleasesViewController.swift */,
				7B5E50651E591B36003B08AA /* ReleaseSortingViewController.swift */,
				7B1E33B11E29976F00D5F37B /* ReleaseViewController.swift */,
				7B679B4F1E22AD3B00649FD6 /* SettingsViewController.swift */,
				7B320FAD1E2EEE7500189B21 /* Transition Controllers */,
				7BEB34BE1DF0679800888FF1 /* UrsusStoryboardSegue.swift */,
				7BEB34BC1DF061E300888FF1 /* UrsusViewController.swift */,
			);
			path = "Controller Components";
			sourceTree = "<group>";
		};
		7B8200EA1CDABA2600A99C68 /* View Components */ = {
			isa = PBXGroup;
			children = (
				7B71CCC31DD7C0D700DAE910 /* ArtistSearchBar.swift */,
				7B1FF6FA1E271A12004F496E /* ArtworkView.swift */,
				7B1912AF1E32F5490027B1D1 /* Buttons */,
				7B2839E61E330B2900B217D6 /* Collection View Components */,
				7B188E961DDD2F1400C78AE7 /* FrostedBackdrop.swift */,
				7BC8DE241DED285B0004A7F9 /* RoundedTextField.swift */,
				7B53182E1E13518B004FDFC7 /* ScrollFadeView.swift */,
				7B150E831DDFDF0800965D2A /* StyleKit.swift */,
				7B5FCE891E304A4B008AC1F7 /* UrsusBlurView.swift */,
				7B5FCE8B1E305224008AC1F7 /* UrsusShadowBackdrop.swift */,
			);
			path = "View Components";
			sourceTree = "<group>";
		};
		7B8200EB1CDABE7700A99C68 /* Model Components */ = {
			isa = PBXGroup;
			children = (
				7B8200EC1CDABE9200A99C68 /* Artist.swift */,
				7B179DB11E104CBA000F0DED /* Release.swift */,
			);
			path = "Model Components";
			sourceTree = "<group>";
		};
		7BBE54AE4B31BDEDC871CDDD /* Pods */ = {
			isa = PBXGroup;
			children = (
				F682E1AD5AE21C18DE9E99D7 /* Pods-Ursus.debug.xcconfig */,
				A9AE32A717C7271F3F5B41C8 /* Pods-Ursus.release.xcconfig */,
				4643552B41BC957071F398CF /* Pods-UrsusTests.debug.xcconfig */,
				E8C3E14020C2F526B042C182 /* Pods-UrsusTests.release.xcconfig */,
				71C360F3A9BA924567BD0BF9 /* Pods-UrsusUITests.debug.xcconfig */,
				473F026E9ABAA59BB29D35D9 /* Pods-UrsusUITests.release.xcconfig */,
			);
			name = Pods;
			sourceTree = "<group>";
		};
		7BD653781DE2B0860069E46E /* Frameworks */ = {
			isa = PBXGroup;
			children = (
				7B4F0CFF1E5E63060026F13E /* MediaPlayer.framework */,
				7B679B4B1E21730800649FD6 /* CoreLocation.framework */,
				7B7B88B51E0DD81E0012B8A3 /* Telekinesis.framework */,
				161B513C4B4A6044F64D9C1A /* Pods_Ursus.framework */,
				C4271E9964D26860660C1774 /* Pods_UrsusTests.framework */,
				17701650A4D779507C79561C /* Pods_UrsusUITests.framework */,
			);
			name = Frameworks;
			sourceTree = "<group>";
		};
/* End PBXGroup section */

/* Begin PBXNativeTarget section */
		7B3B99641CC4437E00900838 /* Ursus */ = {
			isa = PBXNativeTarget;
			buildConfigurationList = 7B3B998D1CC4437E00900838 /* Build configuration list for PBXNativeTarget "Ursus" */;
			buildPhases = (
				E180C41C0564AC80676202FE /* [CP] Check Pods Manifest.lock */,
				7B3B99611CC4437E00900838 /* Sources */,
				7B3B99621CC4437E00900838 /* Frameworks */,
				7B3B99631CC4437E00900838 /* Resources */,
				7BB6699A1CD6DF870035DFCD /* ShellScript */,
				11BF025DF091E010030A699F /* [CP] Embed Pods Frameworks */,
				6D50DF186C048982A6FF4B07 /* [CP] Copy Pods Resources */,
			);
			buildRules = (
			);
			dependencies = (
			);
			name = Ursus;
			productName = Ursus;
			productReference = 7B3B99651CC4437E00900838 /* Ursus.app */;
			productType = "com.apple.product-type.application";
		};
		7B3B99781CC4437E00900838 /* UrsusTests */ = {
			isa = PBXNativeTarget;
			buildConfigurationList = 7B3B99901CC4437E00900838 /* Build configuration list for PBXNativeTarget "UrsusTests" */;
			buildPhases = (
				B07A149FAB2CDF60F252884F /* [CP] Check Pods Manifest.lock */,
				7B3B99751CC4437E00900838 /* Sources */,
				7B3B99761CC4437E00900838 /* Frameworks */,
				7B3B99771CC4437E00900838 /* Resources */,
				3FC45E0E44C7F42E6286DFA7 /* [CP] Embed Pods Frameworks */,
				CB8A043BBCEA1F6E6D660F08 /* [CP] Copy Pods Resources */,
			);
			buildRules = (
			);
			dependencies = (
				7B3B997B1CC4437E00900838 /* PBXTargetDependency */,
			);
			name = UrsusTests;
			productName = UrsusTests;
			productReference = 7B3B99791CC4437E00900838 /* UrsusTests.xctest */;
			productType = "com.apple.product-type.bundle.unit-test";
		};
		7B3B99831CC4437E00900838 /* UrsusUITests */ = {
			isa = PBXNativeTarget;
			buildConfigurationList = 7B3B99931CC4437E00900838 /* Build configuration list for PBXNativeTarget "UrsusUITests" */;
			buildPhases = (
				17E0BB1EC58214F1017CED5C /* [CP] Check Pods Manifest.lock */,
				7B3B99801CC4437E00900838 /* Sources */,
				7B3B99811CC4437E00900838 /* Frameworks */,
				7B3B99821CC4437E00900838 /* Resources */,
				FFEDED24790DEF11B31DBBE7 /* [CP] Embed Pods Frameworks */,
				C72C8C6D8D285C723B657541 /* [CP] Copy Pods Resources */,
			);
			buildRules = (
			);
			dependencies = (
				7B3B99861CC4437E00900838 /* PBXTargetDependency */,
			);
			name = UrsusUITests;
			productName = UrsusUITests;
			productReference = 7B3B99841CC4437E00900838 /* UrsusUITests.xctest */;
			productType = "com.apple.product-type.bundle.ui-testing";
		};
/* End PBXNativeTarget section */

/* Begin PBXProject section */
		7B3B995D1CC4437E00900838 /* Project object */ = {
			isa = PBXProject;
			attributes = {
				LastSwiftUpdateCheck = 0730;
				LastUpgradeCheck = 0810;
				ORGANIZATIONNAME = "Jeffery Jackson, Jr.";
				TargetAttributes = {
					7B3B99641CC4437E00900838 = {
						CreatedOnToolsVersion = 7.3;
						DevelopmentTeam = ZR82Q7TH8E;
						LastSwiftMigration = 0800;
						SystemCapabilities = {
							com.apple.BackgroundModes = {
								enabled = 1;
							};
							com.apple.Push = {
								enabled = 1;
							};
							com.apple.Siri = {
								enabled = 1;
							};
							com.apple.iCloud = {
								enabled = 1;
							};
						};
					};
					7B3B99781CC4437E00900838 = {
						CreatedOnToolsVersion = 7.3;
						LastSwiftMigration = 0800;
						TestTargetID = 7B3B99641CC4437E00900838;
					};
					7B3B99831CC4437E00900838 = {
						CreatedOnToolsVersion = 7.3;
						LastSwiftMigration = 0800;
						TestTargetID = 7B3B99641CC4437E00900838;
					};
				};
			};
			buildConfigurationList = 7B3B99601CC4437E00900838 /* Build configuration list for PBXProject "Ursus" */;
			compatibilityVersion = "Xcode 3.2";
			developmentRegion = English;
			hasScannedForEncodings = 0;
			knownRegions = (
				en,
				Base,
			);
			mainGroup = 7B3B995C1CC4437E00900838;
			productRefGroup = 7B3B99661CC4437E00900838 /* Products */;
			projectDirPath = "";
			projectRoot = "";
			targets = (
				7B3B99641CC4437E00900838 /* Ursus */,
				7B3B99781CC4437E00900838 /* UrsusTests */,
				7B3B99831CC4437E00900838 /* UrsusUITests */,
			);
		};
/* End PBXProject section */

/* Begin PBXResourcesBuildPhase section */
		7B3B99631CC4437E00900838 /* Resources */ = {
			isa = PBXResourcesBuildPhase;
			buildActionMask = 2147483647;
			files = (
				7B3B99731CC4437E00900838 /* LaunchScreen.storyboard in Resources */,
				7BD89A171E2D74EC00FAF502 /* GoogleService-Info.plist in Resources */,
				7B3B99701CC4437E00900838 /* Assets.xcassets in Resources */,
				7B3B996E1CC4437E00900838 /* Main.storyboard in Resources */,
			);
			runOnlyForDeploymentPostprocessing = 0;
		};
		7B3B99771CC4437E00900838 /* Resources */ = {
			isa = PBXResourcesBuildPhase;
			buildActionMask = 2147483647;
			files = (
			);
			runOnlyForDeploymentPostprocessing = 0;
		};
		7B3B99821CC4437E00900838 /* Resources */ = {
			isa = PBXResourcesBuildPhase;
			buildActionMask = 2147483647;
			files = (
			);
			runOnlyForDeploymentPostprocessing = 0;
		};
/* End PBXResourcesBuildPhase section */

/* Begin PBXShellScriptBuildPhase section */
		11BF025DF091E010030A699F /* [CP] Embed Pods Frameworks */ = {
			isa = PBXShellScriptBuildPhase;
			buildActionMask = 2147483647;
			files = (
			);
			inputPaths = (
			);
			name = "[CP] Embed Pods Frameworks";
			outputPaths = (
			);
			runOnlyForDeploymentPostprocessing = 0;
			shellPath = /bin/sh;
			shellScript = "\"${SRCROOT}/Pods/Target Support Files/Pods-Ursus/Pods-Ursus-frameworks.sh\"\n";
			showEnvVarsInLog = 0;
		};
		17E0BB1EC58214F1017CED5C /* [CP] Check Pods Manifest.lock */ = {
			isa = PBXShellScriptBuildPhase;
			buildActionMask = 2147483647;
			files = (
			);
			inputPaths = (
			);
			name = "[CP] Check Pods Manifest.lock";
			outputPaths = (
			);
			runOnlyForDeploymentPostprocessing = 0;
			shellPath = /bin/sh;
			shellScript = "diff \"${PODS_ROOT}/../Podfile.lock\" \"${PODS_ROOT}/Manifest.lock\" > /dev/null\nif [ $? != 0 ] ; then\n    # print error to STDERR\n    echo \"error: The sandbox is not in sync with the Podfile.lock. Run 'pod install' or update your CocoaPods installation.\" >&2\n    exit 1\nfi\n";
			showEnvVarsInLog = 0;
		};
		3FC45E0E44C7F42E6286DFA7 /* [CP] Embed Pods Frameworks */ = {
			isa = PBXShellScriptBuildPhase;
			buildActionMask = 2147483647;
			files = (
			);
			inputPaths = (
			);
			name = "[CP] Embed Pods Frameworks";
			outputPaths = (
			);
			runOnlyForDeploymentPostprocessing = 0;
			shellPath = /bin/sh;
			shellScript = "\"${SRCROOT}/Pods/Target Support Files/Pods-UrsusTests/Pods-UrsusTests-frameworks.sh\"\n";
			showEnvVarsInLog = 0;
		};
		6D50DF186C048982A6FF4B07 /* [CP] Copy Pods Resources */ = {
			isa = PBXShellScriptBuildPhase;
			buildActionMask = 2147483647;
			files = (
			);
			inputPaths = (
			);
			name = "[CP] Copy Pods Resources";
			outputPaths = (
			);
			runOnlyForDeploymentPostprocessing = 0;
			shellPath = /bin/sh;
			shellScript = "\"${SRCROOT}/Pods/Target Support Files/Pods-Ursus/Pods-Ursus-resources.sh\"\n";
			showEnvVarsInLog = 0;
		};
		7BB6699A1CD6DF870035DFCD /* ShellScript */ = {
			isa = PBXShellScriptBuildPhase;
			buildActionMask = 2147483647;
			files = (
			);
			inputPaths = (
			);
			outputPaths = (
			);
			runOnlyForDeploymentPostprocessing = 0;
			shellPath = /bin/sh;
			shellScript = "";
		};
		B07A149FAB2CDF60F252884F /* [CP] Check Pods Manifest.lock */ = {
			isa = PBXShellScriptBuildPhase;
			buildActionMask = 2147483647;
			files = (
			);
			inputPaths = (
			);
			name = "[CP] Check Pods Manifest.lock";
			outputPaths = (
			);
			runOnlyForDeploymentPostprocessing = 0;
			shellPath = /bin/sh;
			shellScript = "diff \"${PODS_ROOT}/../Podfile.lock\" \"${PODS_ROOT}/Manifest.lock\" > /dev/null\nif [ $? != 0 ] ; then\n    # print error to STDERR\n    echo \"error: The sandbox is not in sync with the Podfile.lock. Run 'pod install' or update your CocoaPods installation.\" >&2\n    exit 1\nfi\n";
			showEnvVarsInLog = 0;
		};
		C72C8C6D8D285C723B657541 /* [CP] Copy Pods Resources */ = {
			isa = PBXShellScriptBuildPhase;
			buildActionMask = 2147483647;
			files = (
			);
			inputPaths = (
			);
			name = "[CP] Copy Pods Resources";
			outputPaths = (
			);
			runOnlyForDeploymentPostprocessing = 0;
			shellPath = /bin/sh;
			shellScript = "\"${SRCROOT}/Pods/Target Support Files/Pods-UrsusUITests/Pods-UrsusUITests-resources.sh\"\n";
			showEnvVarsInLog = 0;
		};
		CB8A043BBCEA1F6E6D660F08 /* [CP] Copy Pods Resources */ = {
			isa = PBXShellScriptBuildPhase;
			buildActionMask = 2147483647;
			files = (
			);
			inputPaths = (
			);
			name = "[CP] Copy Pods Resources";
			outputPaths = (
			);
			runOnlyForDeploymentPostprocessing = 0;
			shellPath = /bin/sh;
			shellScript = "\"${SRCROOT}/Pods/Target Support Files/Pods-UrsusTests/Pods-UrsusTests-resources.sh\"\n";
			showEnvVarsInLog = 0;
		};
		E180C41C0564AC80676202FE /* [CP] Check Pods Manifest.lock */ = {
			isa = PBXShellScriptBuildPhase;
			buildActionMask = 2147483647;
			files = (
			);
			inputPaths = (
			);
			name = "[CP] Check Pods Manifest.lock";
			outputPaths = (
			);
			runOnlyForDeploymentPostprocessing = 0;
			shellPath = /bin/sh;
			shellScript = "diff \"${PODS_ROOT}/../Podfile.lock\" \"${PODS_ROOT}/Manifest.lock\" > /dev/null\nif [ $? != 0 ] ; then\n    # print error to STDERR\n    echo \"error: The sandbox is not in sync with the Podfile.lock. Run 'pod install' or update your CocoaPods installation.\" >&2\n    exit 1\nfi\n";
			showEnvVarsInLog = 0;
		};
		FFEDED24790DEF11B31DBBE7 /* [CP] Embed Pods Frameworks */ = {
			isa = PBXShellScriptBuildPhase;
			buildActionMask = 2147483647;
			files = (
			);
			inputPaths = (
			);
			name = "[CP] Embed Pods Frameworks";
			outputPaths = (
			);
			runOnlyForDeploymentPostprocessing = 0;
			shellPath = /bin/sh;
			shellScript = "\"${SRCROOT}/Pods/Target Support Files/Pods-UrsusUITests/Pods-UrsusUITests-frameworks.sh\"\n";
			showEnvVarsInLog = 0;
		};
/* End PBXShellScriptBuildPhase section */

/* Begin PBXSourcesBuildPhase section */
		7B3B99611CC4437E00900838 /* Sources */ = {
			isa = PBXSourcesBuildPhase;
			buildActionMask = 2147483647;
			files = (
				7B1FF6FB1E271A12004F496E /* ArtworkView.swift in Sources */,
				7B15CB4F1DDBDFC200CE48C1 /* ArtistSearchResultsViewController.swift in Sources */,
				7BE387A21E3AD038000F85F2 /* PopInFromFrameAnimatedTransitionController.swift in Sources */,
				7B2AB4921E5FC2B40072FDA6 /* NowPlayingArtistQuickViewButton.swift in Sources */,
				7B5E50661E591B36003B08AA /* ReleaseSortingViewController.swift in Sources */,
				7BD499501E35AF1B00C2B7E7 /* UIPickerCollectionViewCell.swift in Sources */,
				7B5FCE881E301866008AC1F7 /* RevealBehindAnimatedTransitionController.swift in Sources */,
				7B8200ED1CDABE9200A99C68 /* Artist.swift in Sources */,
				7B2839E81E330B8900B217D6 /* DisplayBrightnessThresholdCollectionViewCell.swift in Sources */,
				7BE90EA61E4D5E8600A74E94 /* SortButton.swift in Sources */,
				7B79991C1E1F3C21003E2F28 /* ArtistSearchViewController.swift in Sources */,
				7B1912AE1E32F4FC0027B1D1 /* DisplayBrightnessMinButton.swift in Sources */,
				7B179DB21E104CBA000F0DED /* Release.swift in Sources */,
				7B53182F1E13518B004FDFC7 /* ScrollFadeView.swift in Sources */,
				7B740F161DD8D9AA0085F5C8 /* UrsusButton.swift in Sources */,
				7B1E33B41E29DEAB00D5F37B /* DownButton.swift in Sources */,
				7BBE862A1E36E06100952328 /* PopInAnimatedTransitionController.swift in Sources */,
				7B150E841DDFDF0800965D2A /* StyleKit.swift in Sources */,
				7B3FB47A1E4EB3BF0036A167 /* MoreButton.swift in Sources */,
				7BE387A01E3AC7DB000F85F2 /* CloseButton.swift in Sources */,
				7B3A86561E1470DB00D55B47 /* PreferenceManager.swift in Sources */,
				7B1F26C41E259A82001876E7 /* FooterCollectionReusableView.swift in Sources */,
				7B79991A1E1DE092003E2F28 /* SearchButton.swift in Sources */,
				7B3B99981CC448B300900838 /* RequestManager.swift in Sources */,
				7B5FCE8C1E305224008AC1F7 /* UrsusShadowBackdrop.swift in Sources */,
				7B1E33B01E298A5E00D5F37B /* HeaderCollectionReusableView.swift in Sources */,
				7BEB34BD1DF061E300888FF1 /* UrsusViewController.swift in Sources */,
				7B320FAF1E2EEE9D00189B21 /* BlurAndOverlayAnimatedTransitionController.swift in Sources */,
				7B15CB4D1DDBDF9600CE48C1 /* ArtistViewController.swift in Sources */,
				7BBB6D6F1E2AC2A700C2F466 /* UrsusCountIndicator.swift in Sources */,
				7B5FCE8A1E304A4B008AC1F7 /* UrsusBlurView.swift in Sources */,
				7B8DC4051E31A16D00EBEED0 /* SettingsCollectionViewCell.swift in Sources */,
				7B1912B11E32F6100027B1D1 /* DisplayBrightnessMaxButton.swift in Sources */,
				7B179DB41E107E82000F0DED /* ReleaseCollectionViewCell.swift in Sources */,
				7B173AEB1E52AE370011C0BB /* RightButton.swift in Sources */,
				7B1FF6FD1E271ADE004F496E /* ArtistCollectionViewCell.swift in Sources */,
				7B1912AC1E32DC290027B1D1 /* CheckmarkButton.swift in Sources */,
				7B173AED1E52AE890011C0BB /* UpButton.swift in Sources */,
				7B71CCC41DD7C0D700DAE910 /* ArtistSearchBar.swift in Sources */,
				7B679B521E22C7F500649FD6 /* ArtistsButton.swift in Sources */,
				7B71CCC21DD7A87200DAE910 /* NewReleasesViewController.swift in Sources */,
				7BEE31EE1E4406C2001BB019 /* SlideDownAnimatedTransitionController.swift in Sources */,
				7B1E33B21E29976F00D5F37B /* ReleaseViewController.swift in Sources */,
				7B49D7CC1E51376900C04A8C /* TextAreaCollectionViewCell.swift in Sources */,
				7B121F801E2C3AAA004458DC /* ThemeModeCollectionViewCell.swift in Sources */,
				7B188E971DDD2F1400C78AE7 /* FrostedBackdrop.swift in Sources */,
				7B5609751E1CA5BB0054CB40 /* SettingsButton.swift in Sources */,
				7BC8DE251DED285B0004A7F9 /* RoundedTextField.swift in Sources */,
				7B3B99691CC4437E00900838 /* AppDelegate.swift in Sources */,
				7B1E33B81E29EE8100D5F37B /* ArtistsViewController.swift in Sources */,
				7BB3D5EA1DEBDBEB002367C3 /* LeftButton.swift in Sources */,
				7B1E33B61E29EAAD00D5F37B /* UrsusCollectionViewCell.swift in Sources */,
				7B2257811DDE74A900F81E12 /* UIImageColors.swift in Sources */,
				7BEB34BF1DF0679800888FF1 /* UrsusStoryboardSegue.swift in Sources */,
				7B679B501E22AD3B00649FD6 /* SettingsViewController.swift in Sources */,
				7B4F0CFE1E5E4C9C0026F13E /* ImportViewController.swift in Sources */,
			);
			runOnlyForDeploymentPostprocessing = 0;
		};
		7B3B99751CC4437E00900838 /* Sources */ = {
			isa = PBXSourcesBuildPhase;
			buildActionMask = 2147483647;
			files = (
				7B3B997E1CC4437E00900838 /* UrsusTests.swift in Sources */,
			);
			runOnlyForDeploymentPostprocessing = 0;
		};
		7B3B99801CC4437E00900838 /* Sources */ = {
			isa = PBXSourcesBuildPhase;
			buildActionMask = 2147483647;
			files = (
				7B3B99891CC4437E00900838 /* UrsusUITests.swift in Sources */,
			);
			runOnlyForDeploymentPostprocessing = 0;
		};
/* End PBXSourcesBuildPhase section */

/* Begin PBXTargetDependency section */
		7B3B997B1CC4437E00900838 /* PBXTargetDependency */ = {
			isa = PBXTargetDependency;
			target = 7B3B99641CC4437E00900838 /* Ursus */;
			targetProxy = 7B3B997A1CC4437E00900838 /* PBXContainerItemProxy */;
		};
		7B3B99861CC4437E00900838 /* PBXTargetDependency */ = {
			isa = PBXTargetDependency;
			target = 7B3B99641CC4437E00900838 /* Ursus */;
			targetProxy = 7B3B99851CC4437E00900838 /* PBXContainerItemProxy */;
		};
/* End PBXTargetDependency section */

/* Begin PBXVariantGroup section */
		7B3B996C1CC4437E00900838 /* Main.storyboard */ = {
			isa = PBXVariantGroup;
			children = (
				7B3B996D1CC4437E00900838 /* Base */,
			);
			name = Main.storyboard;
			sourceTree = "<group>";
		};
		7B3B99711CC4437E00900838 /* LaunchScreen.storyboard */ = {
			isa = PBXVariantGroup;
			children = (
				7B3B99721CC4437E00900838 /* Base */,
			);
			name = LaunchScreen.storyboard;
			sourceTree = "<group>";
		};
/* End PBXVariantGroup section */

/* Begin XCBuildConfiguration section */
		7B3B998B1CC4437E00900838 /* Debug */ = {
			isa = XCBuildConfiguration;
			buildSettings = {
				ALWAYS_SEARCH_USER_PATHS = NO;
				CLANG_ANALYZER_NONNULL = YES;
				CLANG_CXX_LANGUAGE_STANDARD = "gnu++0x";
				CLANG_CXX_LIBRARY = "libc++";
				CLANG_ENABLE_MODULES = YES;
				CLANG_ENABLE_OBJC_ARC = YES;
				CLANG_WARN_BOOL_CONVERSION = YES;
				CLANG_WARN_CONSTANT_CONVERSION = YES;
				CLANG_WARN_DIRECT_OBJC_ISA_USAGE = YES_ERROR;
				CLANG_WARN_EMPTY_BODY = YES;
				CLANG_WARN_ENUM_CONVERSION = YES;
				CLANG_WARN_INFINITE_RECURSION = YES;
				CLANG_WARN_INT_CONVERSION = YES;
				CLANG_WARN_OBJC_ROOT_CLASS = YES_ERROR;
				CLANG_WARN_SUSPICIOUS_MOVE = YES;
				CLANG_WARN_UNREACHABLE_CODE = YES;
				CLANG_WARN__DUPLICATE_METHOD_MATCH = YES;
				"CODE_SIGN_IDENTITY[sdk=iphoneos*]" = "iPhone Developer";
				COPY_PHASE_STRIP = NO;
				DEBUG_INFORMATION_FORMAT = dwarf;
				ENABLE_STRICT_OBJC_MSGSEND = YES;
				ENABLE_TESTABILITY = YES;
				GCC_C_LANGUAGE_STANDARD = gnu99;
				GCC_DYNAMIC_NO_PIC = NO;
				GCC_NO_COMMON_BLOCKS = YES;
				GCC_OPTIMIZATION_LEVEL = 0;
				GCC_PREPROCESSOR_DEFINITIONS = (
					"DEBUG=1",
					"$(inherited)",
				);
				GCC_WARN_64_TO_32_BIT_CONVERSION = YES;
				GCC_WARN_ABOUT_RETURN_TYPE = YES_ERROR;
				GCC_WARN_UNDECLARED_SELECTOR = YES;
				GCC_WARN_UNINITIALIZED_AUTOS = YES_AGGRESSIVE;
				GCC_WARN_UNUSED_FUNCTION = YES;
				GCC_WARN_UNUSED_VARIABLE = YES;
				IPHONEOS_DEPLOYMENT_TARGET = 10.0;
				MTL_ENABLE_DEBUG_INFO = YES;
				ONLY_ACTIVE_ARCH = YES;
				SDKROOT = iphoneos;
				SWIFT_OPTIMIZATION_LEVEL = "-Onone";
				TARGETED_DEVICE_FAMILY = "1,2";
			};
			name = Debug;
		};
		7B3B998C1CC4437E00900838 /* Release */ = {
			isa = XCBuildConfiguration;
			buildSettings = {
				ALWAYS_SEARCH_USER_PATHS = NO;
				CLANG_ANALYZER_NONNULL = YES;
				CLANG_CXX_LANGUAGE_STANDARD = "gnu++0x";
				CLANG_CXX_LIBRARY = "libc++";
				CLANG_ENABLE_MODULES = YES;
				CLANG_ENABLE_OBJC_ARC = YES;
				CLANG_WARN_BOOL_CONVERSION = YES;
				CLANG_WARN_CONSTANT_CONVERSION = YES;
				CLANG_WARN_DIRECT_OBJC_ISA_USAGE = YES_ERROR;
				CLANG_WARN_EMPTY_BODY = YES;
				CLANG_WARN_ENUM_CONVERSION = YES;
				CLANG_WARN_INFINITE_RECURSION = YES;
				CLANG_WARN_INT_CONVERSION = YES;
				CLANG_WARN_OBJC_ROOT_CLASS = YES_ERROR;
				CLANG_WARN_SUSPICIOUS_MOVE = YES;
				CLANG_WARN_UNREACHABLE_CODE = YES;
				CLANG_WARN__DUPLICATE_METHOD_MATCH = YES;
				"CODE_SIGN_IDENTITY[sdk=iphoneos*]" = "iPhone Developer";
				COPY_PHASE_STRIP = NO;
				DEBUG_INFORMATION_FORMAT = "dwarf-with-dsym";
				ENABLE_NS_ASSERTIONS = NO;
				ENABLE_STRICT_OBJC_MSGSEND = YES;
				GCC_C_LANGUAGE_STANDARD = gnu99;
				GCC_NO_COMMON_BLOCKS = YES;
				GCC_WARN_64_TO_32_BIT_CONVERSION = YES;
				GCC_WARN_ABOUT_RETURN_TYPE = YES_ERROR;
				GCC_WARN_UNDECLARED_SELECTOR = YES;
				GCC_WARN_UNINITIALIZED_AUTOS = YES_AGGRESSIVE;
				GCC_WARN_UNUSED_FUNCTION = YES;
				GCC_WARN_UNUSED_VARIABLE = YES;
				IPHONEOS_DEPLOYMENT_TARGET = 10.0;
				MTL_ENABLE_DEBUG_INFO = NO;
				SDKROOT = iphoneos;
				SWIFT_OPTIMIZATION_LEVEL = "-Owholemodule";
				TARGETED_DEVICE_FAMILY = "1,2";
				VALIDATE_PRODUCT = YES;
			};
			name = Release;
		};
		7B3B998E1CC4437E00900838 /* Debug */ = {
			isa = XCBuildConfiguration;
			baseConfigurationReference = F682E1AD5AE21C18DE9E99D7 /* Pods-Ursus.debug.xcconfig */;
			buildSettings = {
				ASSETCATALOG_COMPILER_APPICON_NAME = AppIcon;
				CODE_SIGN_ENTITLEMENTS = Ursus/Ursus.entitlements;
				CODE_SIGN_IDENTITY = "iPhone Developer";
				DEVELOPMENT_TEAM = ZR82Q7TH8E;
				FRAMEWORK_SEARCH_PATHS = (
					"$(inherited)",
					"$(PROJECT_DIR)/Frameworks",
				);
				INFOPLIST_FILE = Ursus/Info.plist;
				IPHONEOS_DEPLOYMENT_TARGET = 10.0;
				LD_RUNPATH_SEARCH_PATHS = "$(inherited) @executable_path/Frameworks";
				PRODUCT_BUNDLE_IDENTIFIER = com.arcyn1c.Ursus;
				PRODUCT_NAME = "$(TARGET_NAME)";
				SWIFT_VERSION = 3.0;
			};
			name = Debug;
		};
		7B3B998F1CC4437E00900838 /* Release */ = {
			isa = XCBuildConfiguration;
			baseConfigurationReference = A9AE32A717C7271F3F5B41C8 /* Pods-Ursus.release.xcconfig */;
			buildSettings = {
				ASSETCATALOG_COMPILER_APPICON_NAME = AppIcon;
				CODE_SIGN_ENTITLEMENTS = Ursus/Ursus.entitlements;
				CODE_SIGN_IDENTITY = "iPhone Developer";
				DEVELOPMENT_TEAM = ZR82Q7TH8E;
				FRAMEWORK_SEARCH_PATHS = (
					"$(inherited)",
					"$(PROJECT_DIR)/Frameworks",
				);
				INFOPLIST_FILE = Ursus/Info.plist;
				IPHONEOS_DEPLOYMENT_TARGET = 10.0;
				LD_RUNPATH_SEARCH_PATHS = "$(inherited) @executable_path/Frameworks";
				PRODUCT_BUNDLE_IDENTIFIER = com.arcyn1c.Ursus;
				PRODUCT_NAME = "$(TARGET_NAME)";
				SWIFT_VERSION = 3.0;
			};
			name = Release;
		};
		7B3B99911CC4437E00900838 /* Debug */ = {
			isa = XCBuildConfiguration;
			baseConfigurationReference = 4643552B41BC957071F398CF /* Pods-UrsusTests.debug.xcconfig */;
			buildSettings = {
				BUNDLE_LOADER = "$(TEST_HOST)";
				INFOPLIST_FILE = UrsusTests/Info.plist;
				LD_RUNPATH_SEARCH_PATHS = "$(inherited) @executable_path/Frameworks @loader_path/Frameworks";
				PRODUCT_BUNDLE_IDENTIFIER = com.arcyn1c.UrsusTests;
				PRODUCT_NAME = "$(TARGET_NAME)";
				SWIFT_VERSION = 3.0;
				TEST_HOST = "$(BUILT_PRODUCTS_DIR)/Ursus.app/Ursus";
			};
			name = Debug;
		};
		7B3B99921CC4437E00900838 /* Release */ = {
			isa = XCBuildConfiguration;
			baseConfigurationReference = E8C3E14020C2F526B042C182 /* Pods-UrsusTests.release.xcconfig */;
			buildSettings = {
				BUNDLE_LOADER = "$(TEST_HOST)";
				INFOPLIST_FILE = UrsusTests/Info.plist;
				LD_RUNPATH_SEARCH_PATHS = "$(inherited) @executable_path/Frameworks @loader_path/Frameworks";
				PRODUCT_BUNDLE_IDENTIFIER = com.arcyn1c.UrsusTests;
				PRODUCT_NAME = "$(TARGET_NAME)";
				SWIFT_VERSION = 3.0;
				TEST_HOST = "$(BUILT_PRODUCTS_DIR)/Ursus.app/Ursus";
			};
			name = Release;
		};
		7B3B99941CC4437E00900838 /* Debug */ = {
			isa = XCBuildConfiguration;
			baseConfigurationReference = 71C360F3A9BA924567BD0BF9 /* Pods-UrsusUITests.debug.xcconfig */;
			buildSettings = {
				INFOPLIST_FILE = UrsusUITests/Info.plist;
				LD_RUNPATH_SEARCH_PATHS = "$(inherited) @executable_path/Frameworks @loader_path/Frameworks";
				PRODUCT_BUNDLE_IDENTIFIER = com.arcyn1c.UrsusUITests;
				PRODUCT_NAME = "$(TARGET_NAME)";
				SWIFT_VERSION = 3.0;
				TEST_TARGET_NAME = Ursus;
			};
			name = Debug;
		};
		7B3B99951CC4437E00900838 /* Release */ = {
			isa = XCBuildConfiguration;
			baseConfigurationReference = 473F026E9ABAA59BB29D35D9 /* Pods-UrsusUITests.release.xcconfig */;
			buildSettings = {
				INFOPLIST_FILE = UrsusUITests/Info.plist;
				LD_RUNPATH_SEARCH_PATHS = "$(inherited) @executable_path/Frameworks @loader_path/Frameworks";
				PRODUCT_BUNDLE_IDENTIFIER = com.arcyn1c.UrsusUITests;
				PRODUCT_NAME = "$(TARGET_NAME)";
				SWIFT_VERSION = 3.0;
				TEST_TARGET_NAME = Ursus;
			};
			name = Release;
		};
/* End XCBuildConfiguration section */

/* Begin XCConfigurationList section */
		7B3B99601CC4437E00900838 /* Build configuration list for PBXProject "Ursus" */ = {
			isa = XCConfigurationList;
			buildConfigurations = (
				7B3B998B1CC4437E00900838 /* Debug */,
				7B3B998C1CC4437E00900838 /* Release */,
			);
			defaultConfigurationIsVisible = 0;
			defaultConfigurationName = Release;
		};
		7B3B998D1CC4437E00900838 /* Build configuration list for PBXNativeTarget "Ursus" */ = {
			isa = XCConfigurationList;
			buildConfigurations = (
				7B3B998E1CC4437E00900838 /* Debug */,
				7B3B998F1CC4437E00900838 /* Release */,
			);
			defaultConfigurationIsVisible = 0;
			defaultConfigurationName = Release;
		};
		7B3B99901CC4437E00900838 /* Build configuration list for PBXNativeTarget "UrsusTests" */ = {
			isa = XCConfigurationList;
			buildConfigurations = (
				7B3B99911CC4437E00900838 /* Debug */,
				7B3B99921CC4437E00900838 /* Release */,
			);
			defaultConfigurationIsVisible = 0;
			defaultConfigurationName = Release;
		};
		7B3B99931CC4437E00900838 /* Build configuration list for PBXNativeTarget "UrsusUITests" */ = {
			isa = XCConfigurationList;
			buildConfigurations = (
				7B3B99941CC4437E00900838 /* Debug */,
				7B3B99951CC4437E00900838 /* Release */,
			);
			defaultConfigurationIsVisible = 0;
			defaultConfigurationName = Release;
		};
/* End XCConfigurationList section */
	};
	rootObject = 7B3B995D1CC4437E00900838 /* Project object */;
}
