// !$*UTF8*$!
{
	archiveVersion = 1;
	classes = {
	};
	objectVersion = 46;
	objects = {

/* Begin PBXBuildFile section */
		7B150E841DDFDF0800965D2A /* StyleKit.swift in Sources */ = {isa = PBXBuildFile; fileRef = 7B150E831DDFDF0800965D2A /* StyleKit.swift */; };
		7B15CB4D1DDBDF9600CE48C1 /* ArtistViewController.swift in Sources */ = {isa = PBXBuildFile; fileRef = 7B15CB4C1DDBDF9600CE48C1 /* ArtistViewController.swift */; };
		7B15CB4F1DDBDFC200CE48C1 /* ArtistSearchResultsViewController.swift in Sources */ = {isa = PBXBuildFile; fileRef = 7B15CB4E1DDBDFC200CE48C1 /* ArtistSearchResultsViewController.swift */; };
		7B179DB21E104CBA000F0DED /* Release.swift in Sources */ = {isa = PBXBuildFile; fileRef = 7B179DB11E104CBA000F0DED /* Release.swift */; };
		7B179DB41E107E82000F0DED /* ReleaseCollectionViewCell.swift in Sources */ = {isa = PBXBuildFile; fileRef = 7B179DB31E107E82000F0DED /* ReleaseCollectionViewCell.swift */; };
		7B179DB61E11A113000F0DED /* ReleaseArtView.swift in Sources */ = {isa = PBXBuildFile; fileRef = 7B179DB51E11A113000F0DED /* ReleaseArtView.swift */; };
		7B188E971DDD2F1400C78AE7 /* FrostedBackdrop.swift in Sources */ = {isa = PBXBuildFile; fileRef = 7B188E961DDD2F1400C78AE7 /* FrostedBackdrop.swift */; };
		7B1E33B01E298A5E00D5F37B /* HeaderCollectionReusableView.swift in Sources */ = {isa = PBXBuildFile; fileRef = 7B1E33AF1E298A5E00D5F37B /* HeaderCollectionReusableView.swift */; };
		7B1E33B21E29976F00D5F37B /* ReleaseViewController.swift in Sources */ = {isa = PBXBuildFile; fileRef = 7B1E33B11E29976F00D5F37B /* ReleaseViewController.swift */; };
		7B1E33B41E29DEAB00D5F37B /* DownButton.swift in Sources */ = {isa = PBXBuildFile; fileRef = 7B1E33B31E29DEAB00D5F37B /* DownButton.swift */; };
		7B1E33B61E29EAAD00D5F37B /* UrsusCollectionViewCell.swift in Sources */ = {isa = PBXBuildFile; fileRef = 7B1E33B51E29EAAD00D5F37B /* UrsusCollectionViewCell.swift */; };
		7B1E33B81E29EE8100D5F37B /* ArtistsViewController.swift in Sources */ = {isa = PBXBuildFile; fileRef = 7B1E33B71E29EE8100D5F37B /* ArtistsViewController.swift */; };
		7B1F26C41E259A82001876E7 /* FooterCollectionReusableView.swift in Sources */ = {isa = PBXBuildFile; fileRef = 7B1F26C31E259A82001876E7 /* FooterCollectionReusableView.swift */; };
		7B1FF6F31E26D801004F496E /* Telekinesis.framework in Frameworks */ = {isa = PBXBuildFile; fileRef = 7B7B88B51E0DD81E0012B8A3 /* Telekinesis.framework */; };
		7B1FF6F41E26D801004F496E /* Telekinesis.framework in Embed Frameworks */ = {isa = PBXBuildFile; fileRef = 7B7B88B51E0DD81E0012B8A3 /* Telekinesis.framework */; settings = {ATTRIBUTES = (CodeSignOnCopy, RemoveHeadersOnCopy, ); }; };
		7B1FF6FB1E271A12004F496E /* ArtistArtView.swift in Sources */ = {isa = PBXBuildFile; fileRef = 7B1FF6FA1E271A12004F496E /* ArtistArtView.swift */; };
		7B1FF6FD1E271ADE004F496E /* ArtistCollectionViewCell.swift in Sources */ = {isa = PBXBuildFile; fileRef = 7B1FF6FC1E271ADE004F496E /* ArtistCollectionViewCell.swift */; };
		7B2257811DDE74A900F81E12 /* UIImageColors.swift in Sources */ = {isa = PBXBuildFile; fileRef = 7B2257801DDE74A900F81E12 /* UIImageColors.swift */; };
		7B3A86561E1470DB00D55B47 /* PreferenceManager.swift in Sources */ = {isa = PBXBuildFile; fileRef = 7B3A86551E1470DB00D55B47 /* PreferenceManager.swift */; };
		7B3B99691CC4437E00900838 /* AppDelegate.swift in Sources */ = {isa = PBXBuildFile; fileRef = 7B3B99681CC4437E00900838 /* AppDelegate.swift */; };
		7B3B996E1CC4437E00900838 /* Main.storyboard in Resources */ = {isa = PBXBuildFile; fileRef = 7B3B996C1CC4437E00900838 /* Main.storyboard */; };
		7B3B99701CC4437E00900838 /* Assets.xcassets in Resources */ = {isa = PBXBuildFile; fileRef = 7B3B996F1CC4437E00900838 /* Assets.xcassets */; };
		7B3B99731CC4437E00900838 /* LaunchScreen.storyboard in Resources */ = {isa = PBXBuildFile; fileRef = 7B3B99711CC4437E00900838 /* LaunchScreen.storyboard */; };
		7B3B997E1CC4437E00900838 /* UrsusTests.swift in Sources */ = {isa = PBXBuildFile; fileRef = 7B3B997D1CC4437E00900838 /* UrsusTests.swift */; };
		7B3B99891CC4437E00900838 /* UrsusUITests.swift in Sources */ = {isa = PBXBuildFile; fileRef = 7B3B99881CC4437E00900838 /* UrsusUITests.swift */; };
		7B3B99981CC448B300900838 /* RequestManager.swift in Sources */ = {isa = PBXBuildFile; fileRef = 7B3B99971CC448B300900838 /* RequestManager.swift */; };
		7B53182F1E13518B004FDFC7 /* ScrollFadeView.swift in Sources */ = {isa = PBXBuildFile; fileRef = 7B53182E1E13518B004FDFC7 /* ScrollFadeView.swift */; };
		7B5609751E1CA5BB0054CB40 /* SettingsButton.swift in Sources */ = {isa = PBXBuildFile; fileRef = 7B5609741E1CA5BB0054CB40 /* SettingsButton.swift */; };
		7B5CEE011DEC71D4008213ED /* YPMagnifyingGlass.swift in Sources */ = {isa = PBXBuildFile; fileRef = 7B5CEDFF1DEC71D4008213ED /* YPMagnifyingGlass.swift */; };
		7B5CEE021DEC71D4008213ED /* YPMagnifyingView.swift in Sources */ = {isa = PBXBuildFile; fileRef = 7B5CEE001DEC71D4008213ED /* YPMagnifyingView.swift */; };
		7B679B4C1E21730800649FD6 /* CoreLocation.framework in Frameworks */ = {isa = PBXBuildFile; fileRef = 7B679B4B1E21730800649FD6 /* CoreLocation.framework */; };
		7B679B501E22AD3B00649FD6 /* SettingsViewController.swift in Sources */ = {isa = PBXBuildFile; fileRef = 7B679B4F1E22AD3B00649FD6 /* SettingsViewController.swift */; };
		7B679B521E22C7F500649FD6 /* ArtistsButton.swift in Sources */ = {isa = PBXBuildFile; fileRef = 7B679B511E22C7F500649FD6 /* ArtistsButton.swift */; };
		7B71CCC21DD7A87200DAE910 /* NewReleasesViewController.swift in Sources */ = {isa = PBXBuildFile; fileRef = 7B71CCC11DD7A87200DAE910 /* NewReleasesViewController.swift */; };
		7B71CCC41DD7C0D700DAE910 /* ArtistSearchBar.swift in Sources */ = {isa = PBXBuildFile; fileRef = 7B71CCC31DD7C0D700DAE910 /* ArtistSearchBar.swift */; };
		7B740F161DD8D9AA0085F5C8 /* UrsusButton.swift in Sources */ = {isa = PBXBuildFile; fileRef = 7B740F151DD8D9AA0085F5C8 /* UrsusButton.swift */; };
		7B79991A1E1DE092003E2F28 /* SearchButton.swift in Sources */ = {isa = PBXBuildFile; fileRef = 7B7999191E1DE092003E2F28 /* SearchButton.swift */; };
		7B79991C1E1F3C21003E2F28 /* ArtistSearchViewController.swift in Sources */ = {isa = PBXBuildFile; fileRef = 7B79991B1E1F3C21003E2F28 /* ArtistSearchViewController.swift */; };
		7B8200ED1CDABE9200A99C68 /* Artist.swift in Sources */ = {isa = PBXBuildFile; fileRef = 7B8200EC1CDABE9200A99C68 /* Artist.swift */; };
		7BB3D5EA1DEBDBEB002367C3 /* BackButton.swift in Sources */ = {isa = PBXBuildFile; fileRef = 7BB3D5E91DEBDBEB002367C3 /* BackButton.swift */; };
		7BC8DE251DED285B0004A7F9 /* RoundedTextField.swift in Sources */ = {isa = PBXBuildFile; fileRef = 7BC8DE241DED285B0004A7F9 /* RoundedTextField.swift */; };
		7BEB34BD1DF061E300888FF1 /* UrsusViewController.swift in Sources */ = {isa = PBXBuildFile; fileRef = 7BEB34BC1DF061E300888FF1 /* UrsusViewController.swift */; };
		7BEB34BF1DF0679800888FF1 /* UrsusStoryboardSegue.swift in Sources */ = {isa = PBXBuildFile; fileRef = 7BEB34BE1DF0679800888FF1 /* UrsusStoryboardSegue.swift */; };
/* End PBXBuildFile section */

/* Begin PBXContainerItemProxy section */
		7B3B997A1CC4437E00900838 /* PBXContainerItemProxy */ = {
			isa = PBXContainerItemProxy;
			containerPortal = 7B3B995D1CC4437E00900838 /* Project object */;
			proxyType = 1;
			remoteGlobalIDString = 7B3B99641CC4437E00900838;
			remoteInfo = Ursus;
		};
		7B3B99851CC4437E00900838 /* PBXContainerItemProxy */ = {
			isa = PBXContainerItemProxy;
			containerPortal = 7B3B995D1CC4437E00900838 /* Project object */;
			proxyType = 1;
			remoteGlobalIDString = 7B3B99641CC4437E00900838;
			remoteInfo = Ursus;
		};
/* End PBXContainerItemProxy section */

/* Begin PBXCopyFilesBuildPhase section */
		7B1FF6F51E26D801004F496E /* Embed Frameworks */ = {
			isa = PBXCopyFilesBuildPhase;
			buildActionMask = 2147483647;
			dstPath = "";
			dstSubfolderSpec = 10;
			files = (
				7B1FF6F41E26D801004F496E /* Telekinesis.framework in Embed Frameworks */,
			);
			name = "Embed Frameworks";
			runOnlyForDeploymentPostprocessing = 0;
		};
/* End PBXCopyFilesBuildPhase section */

/* Begin PBXFileReference section */
		7B150E831DDFDF0800965D2A /* StyleKit.swift */ = {isa = PBXFileReference; fileEncoding = 4; lastKnownFileType = sourcecode.swift; path = StyleKit.swift; sourceTree = "<group>"; };
		7B15CB4C1DDBDF9600CE48C1 /* ArtistViewController.swift */ = {isa = PBXFileReference; fileEncoding = 4; lastKnownFileType = sourcecode.swift; path = ArtistViewController.swift; sourceTree = "<group>"; };
		7B15CB4E1DDBDFC200CE48C1 /* ArtistSearchResultsViewController.swift */ = {isa = PBXFileReference; fileEncoding = 4; lastKnownFileType = sourcecode.swift; path = ArtistSearchResultsViewController.swift; sourceTree = "<group>"; };
		7B179DB11E104CBA000F0DED /* Release.swift */ = {isa = PBXFileReference; fileEncoding = 4; lastKnownFileType = sourcecode.swift; path = Release.swift; sourceTree = "<group>"; };
		7B179DB31E107E82000F0DED /* ReleaseCollectionViewCell.swift */ = {isa = PBXFileReference; fileEncoding = 4; lastKnownFileType = sourcecode.swift; path = ReleaseCollectionViewCell.swift; sourceTree = "<group>"; };
		7B179DB51E11A113000F0DED /* ReleaseArtView.swift */ = {isa = PBXFileReference; fileEncoding = 4; lastKnownFileType = sourcecode.swift; path = ReleaseArtView.swift; sourceTree = "<group>"; };
		7B188E961DDD2F1400C78AE7 /* FrostedBackdrop.swift */ = {isa = PBXFileReference; fileEncoding = 4; lastKnownFileType = sourcecode.swift; path = FrostedBackdrop.swift; sourceTree = "<group>"; };
		7B1E33AF1E298A5E00D5F37B /* HeaderCollectionReusableView.swift */ = {isa = PBXFileReference; fileEncoding = 4; lastKnownFileType = sourcecode.swift; path = HeaderCollectionReusableView.swift; sourceTree = "<group>"; };
		7B1E33B11E29976F00D5F37B /* ReleaseViewController.swift */ = {isa = PBXFileReference; fileEncoding = 4; lastKnownFileType = sourcecode.swift; path = ReleaseViewController.swift; sourceTree = "<group>"; };
		7B1E33B31E29DEAB00D5F37B /* DownButton.swift */ = {isa = PBXFileReference; fileEncoding = 4; lastKnownFileType = sourcecode.swift; path = DownButton.swift; sourceTree = "<group>"; };
		7B1E33B51E29EAAD00D5F37B /* UrsusCollectionViewCell.swift */ = {isa = PBXFileReference; fileEncoding = 4; lastKnownFileType = sourcecode.swift; path = UrsusCollectionViewCell.swift; sourceTree = "<group>"; };
		7B1E33B71E29EE8100D5F37B /* ArtistsViewController.swift */ = {isa = PBXFileReference; fileEncoding = 4; lastKnownFileType = sourcecode.swift; path = ArtistsViewController.swift; sourceTree = "<group>"; };
		7B1F26C31E259A82001876E7 /* FooterCollectionReusableView.swift */ = {isa = PBXFileReference; fileEncoding = 4; lastKnownFileType = sourcecode.swift; path = FooterCollectionReusableView.swift; sourceTree = "<group>"; };
		7B1FF6FA1E271A12004F496E /* ArtistArtView.swift */ = {isa = PBXFileReference; fileEncoding = 4; lastKnownFileType = sourcecode.swift; path = ArtistArtView.swift; sourceTree = "<group>"; };
		7B1FF6FC1E271ADE004F496E /* ArtistCollectionViewCell.swift */ = {isa = PBXFileReference; fileEncoding = 4; lastKnownFileType = sourcecode.swift; path = ArtistCollectionViewCell.swift; sourceTree = "<group>"; };
		7B2257801DDE74A900F81E12 /* UIImageColors.swift */ = {isa = PBXFileReference; fileEncoding = 4; lastKnownFileType = sourcecode.swift; name = UIImageColors.swift; path = Extensions/UIImageColors.swift; sourceTree = "<group>"; };
		7B3A86551E1470DB00D55B47 /* PreferenceManager.swift */ = {isa = PBXFileReference; fileEncoding = 4; lastKnownFileType = sourcecode.swift; path = PreferenceManager.swift; sourceTree = "<group>"; };
		7B3B99651CC4437E00900838 /* Ursus.app */ = {isa = PBXFileReference; explicitFileType = wrapper.application; includeInIndex = 0; path = Ursus.app; sourceTree = BUILT_PRODUCTS_DIR; };
		7B3B99681CC4437E00900838 /* AppDelegate.swift */ = {isa = PBXFileReference; lastKnownFileType = sourcecode.swift; path = AppDelegate.swift; sourceTree = "<group>"; };
		7B3B996D1CC4437E00900838 /* Base */ = {isa = PBXFileReference; lastKnownFileType = file.storyboard; name = Base; path = Base.lproj/Main.storyboard; sourceTree = "<group>"; };
		7B3B996F1CC4437E00900838 /* Assets.xcassets */ = {isa = PBXFileReference; lastKnownFileType = folder.assetcatalog; path = Assets.xcassets; sourceTree = "<group>"; };
		7B3B99721CC4437E00900838 /* Base */ = {isa = PBXFileReference; lastKnownFileType = file.storyboard; name = Base; path = Base.lproj/LaunchScreen.storyboard; sourceTree = "<group>"; };
		7B3B99741CC4437E00900838 /* Info.plist */ = {isa = PBXFileReference; lastKnownFileType = text.plist.xml; path = Info.plist; sourceTree = "<group>"; };
		7B3B99791CC4437E00900838 /* UrsusTests.xctest */ = {isa = PBXFileReference; explicitFileType = wrapper.cfbundle; includeInIndex = 0; path = UrsusTests.xctest; sourceTree = BUILT_PRODUCTS_DIR; };
		7B3B997D1CC4437E00900838 /* UrsusTests.swift */ = {isa = PBXFileReference; lastKnownFileType = sourcecode.swift; path = UrsusTests.swift; sourceTree = "<group>"; };
		7B3B997F1CC4437E00900838 /* Info.plist */ = {isa = PBXFileReference; lastKnownFileType = text.plist.xml; path = Info.plist; sourceTree = "<group>"; };
		7B3B99841CC4437E00900838 /* UrsusUITests.xctest */ = {isa = PBXFileReference; explicitFileType = wrapper.cfbundle; includeInIndex = 0; path = UrsusUITests.xctest; sourceTree = BUILT_PRODUCTS_DIR; };
		7B3B99881CC4437E00900838 /* UrsusUITests.swift */ = {isa = PBXFileReference; lastKnownFileType = sourcecode.swift; path = UrsusUITests.swift; sourceTree = "<group>"; };
		7B3B998A1CC4437E00900838 /* Info.plist */ = {isa = PBXFileReference; lastKnownFileType = text.plist.xml; path = Info.plist; sourceTree = "<group>"; };
		7B3B99961CC443DF00900838 /* Ursus.entitlements */ = {isa = PBXFileReference; lastKnownFileType = text.xml; path = Ursus.entitlements; sourceTree = "<group>"; };
		7B3B99971CC448B300900838 /* RequestManager.swift */ = {isa = PBXFileReference; fileEncoding = 4; lastKnownFileType = sourcecode.swift; path = RequestManager.swift; sourceTree = "<group>"; };
		7B53182E1E13518B004FDFC7 /* ScrollFadeView.swift */ = {isa = PBXFileReference; fileEncoding = 4; lastKnownFileType = sourcecode.swift; path = ScrollFadeView.swift; sourceTree = "<group>"; };
		7B5609741E1CA5BB0054CB40 /* SettingsButton.swift */ = {isa = PBXFileReference; fileEncoding = 4; lastKnownFileType = sourcecode.swift; path = SettingsButton.swift; sourceTree = "<group>"; };
		7B5CEDFF1DEC71D4008213ED /* YPMagnifyingGlass.swift */ = {isa = PBXFileReference; fileEncoding = 4; lastKnownFileType = sourcecode.swift; path = YPMagnifyingGlass.swift; sourceTree = "<group>"; };
		7B5CEE001DEC71D4008213ED /* YPMagnifyingView.swift */ = {isa = PBXFileReference; fileEncoding = 4; lastKnownFileType = sourcecode.swift; path = YPMagnifyingView.swift; sourceTree = "<group>"; };
		7B679B4B1E21730800649FD6 /* CoreLocation.framework */ = {isa = PBXFileReference; lastKnownFileType = wrapper.framework; name = CoreLocation.framework; path = System/Library/Frameworks/CoreLocation.framework; sourceTree = SDKROOT; };
		7B679B4F1E22AD3B00649FD6 /* SettingsViewController.swift */ = {isa = PBXFileReference; fileEncoding = 4; lastKnownFileType = sourcecode.swift; path = SettingsViewController.swift; sourceTree = "<group>"; };
		7B679B511E22C7F500649FD6 /* ArtistsButton.swift */ = {isa = PBXFileReference; fileEncoding = 4; lastKnownFileType = sourcecode.swift; path = ArtistsButton.swift; sourceTree = "<group>"; };
		7B71CCC11DD7A87200DAE910 /* NewReleasesViewController.swift */ = {isa = PBXFileReference; fileEncoding = 4; lastKnownFileType = sourcecode.swift; path = NewReleasesViewController.swift; sourceTree = "<group>"; };
		7B71CCC31DD7C0D700DAE910 /* ArtistSearchBar.swift */ = {isa = PBXFileReference; fileEncoding = 4; lastKnownFileType = sourcecode.swift; path = ArtistSearchBar.swift; sourceTree = "<group>"; };
		7B740F151DD8D9AA0085F5C8 /* UrsusButton.swift */ = {isa = PBXFileReference; fileEncoding = 4; lastKnownFileType = sourcecode.swift; path = UrsusButton.swift; sourceTree = "<group>"; };
		7B7999191E1DE092003E2F28 /* SearchButton.swift */ = {isa = PBXFileReference; fileEncoding = 4; lastKnownFileType = sourcecode.swift; path = SearchButton.swift; sourceTree = "<group>"; };
		7B79991B1E1F3C21003E2F28 /* ArtistSearchViewController.swift */ = {isa = PBXFileReference; fileEncoding = 4; lastKnownFileType = sourcecode.swift; path = ArtistSearchViewController.swift; sourceTree = "<group>"; };
		7B7B88B51E0DD81E0012B8A3 /* Telekinesis.framework */ = {isa = PBXFileReference; lastKnownFileType = wrapper.framework; name = Telekinesis.framework; path = Frameworks/Telekinesis.framework; sourceTree = "<group>"; };
		7B8200EC1CDABE9200A99C68 /* Artist.swift */ = {isa = PBXFileReference; fileEncoding = 4; lastKnownFileType = sourcecode.swift; path = Artist.swift; sourceTree = "<group>"; };
		7BB3D5E91DEBDBEB002367C3 /* BackButton.swift */ = {isa = PBXFileReference; fileEncoding = 4; lastKnownFileType = sourcecode.swift; path = BackButton.swift; sourceTree = "<group>"; };
		7BC8DE241DED285B0004A7F9 /* RoundedTextField.swift */ = {isa = PBXFileReference; fileEncoding = 4; lastKnownFileType = sourcecode.swift; path = RoundedTextField.swift; sourceTree = "<group>"; };
		7BEB34BC1DF061E300888FF1 /* UrsusViewController.swift */ = {isa = PBXFileReference; fileEncoding = 4; lastKnownFileType = sourcecode.swift; path = UrsusViewController.swift; sourceTree = "<group>"; };
		7BEB34BE1DF0679800888FF1 /* UrsusStoryboardSegue.swift */ = {isa = PBXFileReference; fileEncoding = 4; lastKnownFileType = sourcecode.swift; path = UrsusStoryboardSegue.swift; sourceTree = "<group>"; };
/* End PBXFileReference section */

/* Begin PBXFrameworksBuildPhase section */
		7B3B99621CC4437E00900838 /* Frameworks */ = {
			isa = PBXFrameworksBuildPhase;
			buildActionMask = 2147483647;
			files = (
				7B679B4C1E21730800649FD6 /* CoreLocation.framework in Frameworks */,
				7B1FF6F31E26D801004F496E /* Telekinesis.framework in Frameworks */,
			);
			runOnlyForDeploymentPostprocessing = 0;
		};
		7B3B99761CC4437E00900838 /* Frameworks */ = {
			isa = PBXFrameworksBuildPhase;
			buildActionMask = 2147483647;
			files = (
			);
			runOnlyForDeploymentPostprocessing = 0;
		};
		7B3B99811CC4437E00900838 /* Frameworks */ = {
			isa = PBXFrameworksBuildPhase;
			buildActionMask = 2147483647;
			files = (
			);
			runOnlyForDeploymentPostprocessing = 0;
		};
/* End PBXFrameworksBuildPhase section */

/* Begin PBXGroup section */
		7B22577F1DDE746700F81E12 /* Extensions */ = {
			isa = PBXGroup;
			children = (
				7B2257801DDE74A900F81E12 /* UIImageColors.swift */,
				7B5CEDFF1DEC71D4008213ED /* YPMagnifyingGlass.swift */,
				7B5CEE001DEC71D4008213ED /* YPMagnifyingView.swift */,
			);
			name = Extensions;
			sourceTree = "<group>";
		};
		7B3B995C1CC4437E00900838 = {
			isa = PBXGroup;
			children = (
				7BD653781DE2B0860069E46E /* Frameworks */,
				7B3B99661CC4437E00900838 /* Products */,
				7B3B99671CC4437E00900838 /* Ursus */,
				7B3B997C1CC4437E00900838 /* UrsusTests */,
				7B3B99871CC4437E00900838 /* UrsusUITests */,
			);
			sourceTree = "<group>";
		};
		7B3B99661CC4437E00900838 /* Products */ = {
			isa = PBXGroup;
			children = (
				7B3B99651CC4437E00900838 /* Ursus.app */,
				7B3B99791CC4437E00900838 /* UrsusTests.xctest */,
				7B3B99841CC4437E00900838 /* UrsusUITests.xctest */,
			);
			name = Products;
			sourceTree = "<group>";
		};
		7B3B99671CC4437E00900838 /* Ursus */ = {
			isa = PBXGroup;
			children = (
				7B3B99681CC4437E00900838 /* AppDelegate.swift */,
				7B3B996F1CC4437E00900838 /* Assets.xcassets */,
				7B442A261DDABB3C00F52AB0 /* Controller Components */,
				7B22577F1DDE746700F81E12 /* Extensions */,
				7B3B99741CC4437E00900838 /* Info.plist */,
				7B3B99711CC4437E00900838 /* LaunchScreen.storyboard */,
				7B3B996C1CC4437E00900838 /* Main.storyboard */,
				7B8200EB1CDABE7700A99C68 /* Model Components */,
				7B3A86551E1470DB00D55B47 /* PreferenceManager.swift */,
				7B3B99971CC448B300900838 /* RequestManager.swift */,
				7B3B99961CC443DF00900838 /* Ursus.entitlements */,
				7B8200EA1CDABA2600A99C68 /* View Components */,
			);
			path = Ursus;
			sourceTree = "<group>";
		};
		7B3B997C1CC4437E00900838 /* UrsusTests */ = {
			isa = PBXGroup;
			children = (
				7B3B997F1CC4437E00900838 /* Info.plist */,
				7B3B997D1CC4437E00900838 /* UrsusTests.swift */,
			);
			path = UrsusTests;
			sourceTree = "<group>";
		};
		7B3B99871CC4437E00900838 /* UrsusUITests */ = {
			isa = PBXGroup;
			children = (
				7B3B998A1CC4437E00900838 /* Info.plist */,
				7B3B99881CC4437E00900838 /* UrsusUITests.swift */,
			);
			path = UrsusUITests;
			sourceTree = "<group>";
		};
		7B442A261DDABB3C00F52AB0 /* Controller Components */ = {
			isa = PBXGroup;
			children = (
				7B15CB4E1DDBDFC200CE48C1 /* ArtistSearchResultsViewController.swift */,
				7B79991B1E1F3C21003E2F28 /* ArtistSearchViewController.swift */,
				7B15CB4C1DDBDF9600CE48C1 /* ArtistViewController.swift */,
				7B71CCC11DD7A87200DAE910 /* NewReleasesViewController.swift */,
				7B1E33B11E29976F00D5F37B /* ReleaseViewController.swift */,
				7B679B4F1E22AD3B00649FD6 /* SettingsViewController.swift */,
				7BEB34BE1DF0679800888FF1 /* UrsusStoryboardSegue.swift */,
				7BEB34BC1DF061E300888FF1 /* UrsusViewController.swift */,
				7B1E33B71E29EE8100D5F37B /* ArtistsViewController.swift */,
			);
			path = "Controller Components";
			sourceTree = "<group>";
		};
		7B8200EA1CDABA2600A99C68 /* View Components */ = {
			isa = PBXGroup;
			children = (
				7B1FF6FA1E271A12004F496E /* ArtistArtView.swift */,
				7B679B511E22C7F500649FD6 /* ArtistsButton.swift */,
				7B71CCC31DD7C0D700DAE910 /* ArtistSearchBar.swift */,
				7BB3D5E91DEBDBEB002367C3 /* BackButton.swift */,
				7B1E33B31E29DEAB00D5F37B /* DownButton.swift */,
				7B1FF6FC1E271ADE004F496E /* ArtistCollectionViewCell.swift */,
				7B1F26C31E259A82001876E7 /* FooterCollectionReusableView.swift */,
				7B188E961DDD2F1400C78AE7 /* FrostedBackdrop.swift */,
				7B1E33AF1E298A5E00D5F37B /* HeaderCollectionReusableView.swift */,
				7B179DB51E11A113000F0DED /* ReleaseArtView.swift */,
				7B179DB31E107E82000F0DED /* ReleaseCollectionViewCell.swift */,
				7BC8DE241DED285B0004A7F9 /* RoundedTextField.swift */,
				7B53182E1E13518B004FDFC7 /* ScrollFadeView.swift */,
				7B7999191E1DE092003E2F28 /* SearchButton.swift */,
				7B5609741E1CA5BB0054CB40 /* SettingsButton.swift */,
				7B150E831DDFDF0800965D2A /* StyleKit.swift */,
				7B740F151DD8D9AA0085F5C8 /* UrsusButton.swift */,
				7B1E33B51E29EAAD00D5F37B /* UrsusCollectionViewCell.swift */,
			);
			path = "View Components";
			sourceTree = "<group>";
		};
		7B8200EB1CDABE7700A99C68 /* Model Components */ = {
			isa = PBXGroup;
			children = (
				7B179DB11E104CBA000F0DED /* Release.swift */,
				7B8200EC1CDABE9200A99C68 /* Artist.swift */,
			);
			path = "Model Components";
			sourceTree = "<group>";
		};
		7BD653781DE2B0860069E46E /* Frameworks */ = {
			isa = PBXGroup;
			children = (
				7B679B4B1E21730800649FD6 /* CoreLocation.framework */,
				7B7B88B51E0DD81E0012B8A3 /* Telekinesis.framework */,
			);
			name = Frameworks;
			sourceTree = "<group>";
		};
/* End PBXGroup section */

/* Begin PBXNativeTarget section */
		7B3B99641CC4437E00900838 /* Ursus */ = {
			isa = PBXNativeTarget;
			buildConfigurationList = 7B3B998D1CC4437E00900838 /* Build configuration list for PBXNativeTarget "Ursus" */;
			buildPhases = (
				7B3B99611CC4437E00900838 /* Sources */,
				7B3B99621CC4437E00900838 /* Frameworks */,
				7B3B99631CC4437E00900838 /* Resources */,
				7BB6699A1CD6DF870035DFCD /* ShellScript */,
				7B1FF6F51E26D801004F496E /* Embed Frameworks */,
			);
			buildRules = (
			);
			dependencies = (
			);
			name = Ursus;
			productName = Ursus;
			productReference = 7B3B99651CC4437E00900838 /* Ursus.app */;
			productType = "com.apple.product-type.application";
		};
		7B3B99781CC4437E00900838 /* UrsusTests */ = {
			isa = PBXNativeTarget;
			buildConfigurationList = 7B3B99901CC4437E00900838 /* Build configuration list for PBXNativeTarget "UrsusTests" */;
			buildPhases = (
				7B3B99751CC4437E00900838 /* Sources */,
				7B3B99761CC4437E00900838 /* Frameworks */,
				7B3B99771CC4437E00900838 /* Resources */,
			);
			buildRules = (
			);
			dependencies = (
				7B3B997B1CC4437E00900838 /* PBXTargetDependency */,
			);
			name = UrsusTests;
			productName = UrsusTests;
			productReference = 7B3B99791CC4437E00900838 /* UrsusTests.xctest */;
			productType = "com.apple.product-type.bundle.unit-test";
		};
		7B3B99831CC4437E00900838 /* UrsusUITests */ = {
			isa = PBXNativeTarget;
			buildConfigurationList = 7B3B99931CC4437E00900838 /* Build configuration list for PBXNativeTarget "UrsusUITests" */;
			buildPhases = (
				7B3B99801CC4437E00900838 /* Sources */,
				7B3B99811CC4437E00900838 /* Frameworks */,
				7B3B99821CC4437E00900838 /* Resources */,
			);
			buildRules = (
			);
			dependencies = (
				7B3B99861CC4437E00900838 /* PBXTargetDependency */,
			);
			name = UrsusUITests;
			productName = UrsusUITests;
			productReference = 7B3B99841CC4437E00900838 /* UrsusUITests.xctest */;
			productType = "com.apple.product-type.bundle.ui-testing";
		};
/* End PBXNativeTarget section */

/* Begin PBXProject section */
		7B3B995D1CC4437E00900838 /* Project object */ = {
			isa = PBXProject;
			attributes = {
				LastSwiftUpdateCheck = 0730;
				LastUpgradeCheck = 0810;
				ORGANIZATIONNAME = "Jeffery Jackson, Jr.";
				TargetAttributes = {
					7B3B99641CC4437E00900838 = {
						CreatedOnToolsVersion = 7.3;
						DevelopmentTeam = ZR82Q7TH8E;
						LastSwiftMigration = 0800;
						SystemCapabilities = {
							com.apple.Push = {
								enabled = 1;
							};
							com.apple.Siri = {
								enabled = 1;
							};
							com.apple.iCloud = {
								enabled = 1;
							};
						};
					};
					7B3B99781CC4437E00900838 = {
						CreatedOnToolsVersion = 7.3;
						LastSwiftMigration = 0800;
						TestTargetID = 7B3B99641CC4437E00900838;
					};
					7B3B99831CC4437E00900838 = {
						CreatedOnToolsVersion = 7.3;
						LastSwiftMigration = 0800;
						TestTargetID = 7B3B99641CC4437E00900838;
					};
				};
			};
			buildConfigurationList = 7B3B99601CC4437E00900838 /* Build configuration list for PBXProject "Ursus" */;
			compatibilityVersion = "Xcode 3.2";
			developmentRegion = English;
			hasScannedForEncodings = 0;
			knownRegions = (
				en,
				Base,
			);
			mainGroup = 7B3B995C1CC4437E00900838;
			productRefGroup = 7B3B99661CC4437E00900838 /* Products */;
			projectDirPath = "";
			projectRoot = "";
			targets = (
				7B3B99641CC4437E00900838 /* Ursus */,
				7B3B99781CC4437E00900838 /* UrsusTests */,
				7B3B99831CC4437E00900838 /* UrsusUITests */,
			);
		};
/* End PBXProject section */

/* Begin PBXResourcesBuildPhase section */
		7B3B99631CC4437E00900838 /* Resources */ = {
			isa = PBXResourcesBuildPhase;
			buildActionMask = 2147483647;
			files = (
				7B3B99731CC4437E00900838 /* LaunchScreen.storyboard in Resources */,
				7B3B99701CC4437E00900838 /* Assets.xcassets in Resources */,
				7B3B996E1CC4437E00900838 /* Main.storyboard in Resources */,
			);
			runOnlyForDeploymentPostprocessing = 0;
		};
		7B3B99771CC4437E00900838 /* Resources */ = {
			isa = PBXResourcesBuildPhase;
			buildActionMask = 2147483647;
			files = (
			);
			runOnlyForDeploymentPostprocessing = 0;
		};
		7B3B99821CC4437E00900838 /* Resources */ = {
			isa = PBXResourcesBuildPhase;
			buildActionMask = 2147483647;
			files = (
			);
			runOnlyForDeploymentPostprocessing = 0;
		};
/* End PBXResourcesBuildPhase section */

/* Begin PBXShellScriptBuildPhase section */
		7BB6699A1CD6DF870035DFCD /* ShellScript */ = {
			isa = PBXShellScriptBuildPhase;
			buildActionMask = 2147483647;
			files = (
			);
			inputPaths = (
			);
			outputPaths = (
			);
			runOnlyForDeploymentPostprocessing = 0;
			shellPath = /bin/sh;
			shellScript = "";
		};
/* End PBXShellScriptBuildPhase section */

/* Begin PBXSourcesBuildPhase section */
		7B3B99611CC4437E00900838 /* Sources */ = {
			isa = PBXSourcesBuildPhase;
			buildActionMask = 2147483647;
			files = (
				7B1FF6FB1E271A12004F496E /* ArtistArtView.swift in Sources */,
				7B15CB4F1DDBDFC200CE48C1 /* ArtistSearchResultsViewController.swift in Sources */,
				7B8200ED1CDABE9200A99C68 /* Artist.swift in Sources */,
				7B79991C1E1F3C21003E2F28 /* ArtistSearchViewController.swift in Sources */,
				7B179DB21E104CBA000F0DED /* Release.swift in Sources */,
				7B53182F1E13518B004FDFC7 /* ScrollFadeView.swift in Sources */,
				7B740F161DD8D9AA0085F5C8 /* UrsusButton.swift in Sources */,
				7B1E33B41E29DEAB00D5F37B /* DownButton.swift in Sources */,
				7B150E841DDFDF0800965D2A /* StyleKit.swift in Sources */,
				7B5CEE011DEC71D4008213ED /* YPMagnifyingGlass.swift in Sources */,
				7B3A86561E1470DB00D55B47 /* PreferenceManager.swift in Sources */,
				7B1F26C41E259A82001876E7 /* FooterCollectionReusableView.swift in Sources */,
				7B79991A1E1DE092003E2F28 /* SearchButton.swift in Sources */,
				7B3B99981CC448B300900838 /* RequestManager.swift in Sources */,
				7B1E33B01E298A5E00D5F37B /* HeaderCollectionReusableView.swift in Sources */,
				7B179DB61E11A113000F0DED /* ReleaseArtView.swift in Sources */,
				7BEB34BD1DF061E300888FF1 /* UrsusViewController.swift in Sources */,
				7B15CB4D1DDBDF9600CE48C1 /* ArtistViewController.swift in Sources */,
				7B179DB41E107E82000F0DED /* ReleaseCollectionViewCell.swift in Sources */,
				7B1FF6FD1E271ADE004F496E /* ArtistCollectionViewCell.swift in Sources */,
				7B71CCC41DD7C0D700DAE910 /* ArtistSearchBar.swift in Sources */,
				7B679B521E22C7F500649FD6 /* ArtistsButton.swift in Sources */,
				7B71CCC21DD7A87200DAE910 /* NewReleasesViewController.swift in Sources */,
				7B1E33B21E29976F00D5F37B /* ReleaseViewController.swift in Sources */,
				7B188E971DDD2F1400C78AE7 /* FrostedBackdrop.swift in Sources */,
				7B5609751E1CA5BB0054CB40 /* SettingsButton.swift in Sources */,
				7BC8DE251DED285B0004A7F9 /* RoundedTextField.swift in Sources */,
				7B3B99691CC4437E00900838 /* AppDelegate.swift in Sources */,
				7B1E33B81E29EE8100D5F37B /* ArtistsViewController.swift in Sources */,
				7BB3D5EA1DEBDBEB002367C3 /* BackButton.swift in Sources */,
				7B1E33B61E29EAAD00D5F37B /* UrsusCollectionViewCell.swift in Sources */,
				7B5CEE021DEC71D4008213ED /* YPMagnifyingView.swift in Sources */,
				7B2257811DDE74A900F81E12 /* UIImageColors.swift in Sources */,
				7BEB34BF1DF0679800888FF1 /* UrsusStoryboardSegue.swift in Sources */,
				7B679B501E22AD3B00649FD6 /* SettingsViewController.swift in Sources */,
			);
			runOnlyForDeploymentPostprocessing = 0;
		};
		7B3B99751CC4437E00900838 /* Sources */ = {
			isa = PBXSourcesBuildPhase;
			buildActionMask = 2147483647;
			files = (
				7B3B997E1CC4437E00900838 /* UrsusTests.swift in Sources */,
			);
			runOnlyForDeploymentPostprocessing = 0;
		};
		7B3B99801CC4437E00900838 /* Sources */ = {
			isa = PBXSourcesBuildPhase;
			buildActionMask = 2147483647;
			files = (
				7B3B99891CC4437E00900838 /* UrsusUITests.swift in Sources */,
			);
			runOnlyForDeploymentPostprocessing = 0;
		};
/* End PBXSourcesBuildPhase section */

/* Begin PBXTargetDependency section */
		7B3B997B1CC4437E00900838 /* PBXTargetDependency */ = {
			isa = PBXTargetDependency;
			target = 7B3B99641CC4437E00900838 /* Ursus */;
			targetProxy = 7B3B997A1CC4437E00900838 /* PBXContainerItemProxy */;
		};
		7B3B99861CC4437E00900838 /* PBXTargetDependency */ = {
			isa = PBXTargetDependency;
			target = 7B3B99641CC4437E00900838 /* Ursus */;
			targetProxy = 7B3B99851CC4437E00900838 /* PBXContainerItemProxy */;
		};
/* End PBXTargetDependency section */

/* Begin PBXVariantGroup section */
		7B3B996C1CC4437E00900838 /* Main.storyboard */ = {
			isa = PBXVariantGroup;
			children = (
				7B3B996D1CC4437E00900838 /* Base */,
			);
			name = Main.storyboard;
			sourceTree = "<group>";
		};
		7B3B99711CC4437E00900838 /* LaunchScreen.storyboard */ = {
			isa = PBXVariantGroup;
			children = (
				7B3B99721CC4437E00900838 /* Base */,
			);
			name = LaunchScreen.storyboard;
			sourceTree = "<group>";
		};
/* End PBXVariantGroup section */

/* Begin XCBuildConfiguration section */
		7B3B998B1CC4437E00900838 /* Debug */ = {
			isa = XCBuildConfiguration;
			buildSettings = {
				ALWAYS_SEARCH_USER_PATHS = NO;
				CLANG_ANALYZER_NONNULL = YES;
				CLANG_CXX_LANGUAGE_STANDARD = "gnu++0x";
				CLANG_CXX_LIBRARY = "libc++";
				CLANG_ENABLE_MODULES = YES;
				CLANG_ENABLE_OBJC_ARC = YES;
				CLANG_WARN_BOOL_CONVERSION = YES;
				CLANG_WARN_CONSTANT_CONVERSION = YES;
				CLANG_WARN_DIRECT_OBJC_ISA_USAGE = YES_ERROR;
				CLANG_WARN_EMPTY_BODY = YES;
				CLANG_WARN_ENUM_CONVERSION = YES;
				CLANG_WARN_INFINITE_RECURSION = YES;
				CLANG_WARN_INT_CONVERSION = YES;
				CLANG_WARN_OBJC_ROOT_CLASS = YES_ERROR;
				CLANG_WARN_SUSPICIOUS_MOVE = YES;
				CLANG_WARN_UNREACHABLE_CODE = YES;
				CLANG_WARN__DUPLICATE_METHOD_MATCH = YES;
				"CODE_SIGN_IDENTITY[sdk=iphoneos*]" = "iPhone Developer";
				COPY_PHASE_STRIP = NO;
				DEBUG_INFORMATION_FORMAT = dwarf;
				ENABLE_STRICT_OBJC_MSGSEND = YES;
				ENABLE_TESTABILITY = YES;
				GCC_C_LANGUAGE_STANDARD = gnu99;
				GCC_DYNAMIC_NO_PIC = NO;
				GCC_NO_COMMON_BLOCKS = YES;
				GCC_OPTIMIZATION_LEVEL = 0;
				GCC_PREPROCESSOR_DEFINITIONS = (
					"DEBUG=1",
					"$(inherited)",
				);
				GCC_WARN_64_TO_32_BIT_CONVERSION = YES;
				GCC_WARN_ABOUT_RETURN_TYPE = YES_ERROR;
				GCC_WARN_UNDECLARED_SELECTOR = YES;
				GCC_WARN_UNINITIALIZED_AUTOS = YES_AGGRESSIVE;
				GCC_WARN_UNUSED_FUNCTION = YES;
				GCC_WARN_UNUSED_VARIABLE = YES;
				IPHONEOS_DEPLOYMENT_TARGET = 10.0;
				MTL_ENABLE_DEBUG_INFO = YES;
				ONLY_ACTIVE_ARCH = YES;
				SDKROOT = iphoneos;
				SWIFT_OPTIMIZATION_LEVEL = "-Onone";
				TARGETED_DEVICE_FAMILY = "1,2";
			};
			name = Debug;
		};
		7B3B998C1CC4437E00900838 /* Release */ = {
			isa = XCBuildConfiguration;
			buildSettings = {
				ALWAYS_SEARCH_USER_PATHS = NO;
				CLANG_ANALYZER_NONNULL = YES;
				CLANG_CXX_LANGUAGE_STANDARD = "gnu++0x";
				CLANG_CXX_LIBRARY = "libc++";
				CLANG_ENABLE_MODULES = YES;
				CLANG_ENABLE_OBJC_ARC = YES;
				CLANG_WARN_BOOL_CONVERSION = YES;
				CLANG_WARN_CONSTANT_CONVERSION = YES;
				CLANG_WARN_DIRECT_OBJC_ISA_USAGE = YES_ERROR;
				CLANG_WARN_EMPTY_BODY = YES;
				CLANG_WARN_ENUM_CONVERSION = YES;
				CLANG_WARN_INFINITE_RECURSION = YES;
				CLANG_WARN_INT_CONVERSION = YES;
				CLANG_WARN_OBJC_ROOT_CLASS = YES_ERROR;
				CLANG_WARN_SUSPICIOUS_MOVE = YES;
				CLANG_WARN_UNREACHABLE_CODE = YES;
				CLANG_WARN__DUPLICATE_METHOD_MATCH = YES;
				"CODE_SIGN_IDENTITY[sdk=iphoneos*]" = "iPhone Developer";
				COPY_PHASE_STRIP = NO;
				DEBUG_INFORMATION_FORMAT = "dwarf-with-dsym";
				ENABLE_NS_ASSERTIONS = NO;
				ENABLE_STRICT_OBJC_MSGSEND = YES;
				GCC_C_LANGUAGE_STANDARD = gnu99;
				GCC_NO_COMMON_BLOCKS = YES;
				GCC_WARN_64_TO_32_BIT_CONVERSION = YES;
				GCC_WARN_ABOUT_RETURN_TYPE = YES_ERROR;
				GCC_WARN_UNDECLARED_SELECTOR = YES;
				GCC_WARN_UNINITIALIZED_AUTOS = YES_AGGRESSIVE;
				GCC_WARN_UNUSED_FUNCTION = YES;
				GCC_WARN_UNUSED_VARIABLE = YES;
				IPHONEOS_DEPLOYMENT_TARGET = 10.0;
				MTL_ENABLE_DEBUG_INFO = NO;
				SDKROOT = iphoneos;
				SWIFT_OPTIMIZATION_LEVEL = "-Owholemodule";
				TARGETED_DEVICE_FAMILY = "1,2";
				VALIDATE_PRODUCT = YES;
			};
			name = Release;
		};
		7B3B998E1CC4437E00900838 /* Debug */ = {
			isa = XCBuildConfiguration;
			buildSettings = {
				ASSETCATALOG_COMPILER_APPICON_NAME = AppIcon;
				CODE_SIGN_ENTITLEMENTS = Ursus/Ursus.entitlements;
				CODE_SIGN_IDENTITY = "iPhone Developer";
				DEVELOPMENT_TEAM = ZR82Q7TH8E;
				FRAMEWORK_SEARCH_PATHS = (
					"$(inherited)",
					"$(PROJECT_DIR)/Frameworks",
				);
				INFOPLIST_FILE = Ursus/Info.plist;
				IPHONEOS_DEPLOYMENT_TARGET = 10.0;
				LD_RUNPATH_SEARCH_PATHS = "$(inherited) @executable_path/Frameworks";
				PRODUCT_BUNDLE_IDENTIFIER = com.arcyn1c.Ursus;
				PRODUCT_NAME = "$(TARGET_NAME)";
				SWIFT_VERSION = 3.0;
			};
			name = Debug;
		};
		7B3B998F1CC4437E00900838 /* Release */ = {
			isa = XCBuildConfiguration;
			buildSettings = {
				ASSETCATALOG_COMPILER_APPICON_NAME = AppIcon;
				CODE_SIGN_ENTITLEMENTS = Ursus/Ursus.entitlements;
				CODE_SIGN_IDENTITY = "iPhone Developer";
				DEVELOPMENT_TEAM = ZR82Q7TH8E;
				FRAMEWORK_SEARCH_PATHS = (
					"$(inherited)",
					"$(PROJECT_DIR)/Frameworks",
				);
				INFOPLIST_FILE = Ursus/Info.plist;
				IPHONEOS_DEPLOYMENT_TARGET = 10.0;
				LD_RUNPATH_SEARCH_PATHS = "$(inherited) @executable_path/Frameworks";
				PRODUCT_BUNDLE_IDENTIFIER = com.arcyn1c.Ursus;
				PRODUCT_NAME = "$(TARGET_NAME)";
				SWIFT_VERSION = 3.0;
			};
			name = Release;
		};
		7B3B99911CC4437E00900838 /* Debug */ = {
			isa = XCBuildConfiguration;
			buildSettings = {
				BUNDLE_LOADER = "$(TEST_HOST)";
				INFOPLIST_FILE = UrsusTests/Info.plist;
				LD_RUNPATH_SEARCH_PATHS = "$(inherited) @executable_path/Frameworks @loader_path/Frameworks";
				PRODUCT_BUNDLE_IDENTIFIER = com.arcyn1c.UrsusTests;
				PRODUCT_NAME = "$(TARGET_NAME)";
				SWIFT_VERSION = 3.0;
				TEST_HOST = "$(BUILT_PRODUCTS_DIR)/Ursus.app/Ursus";
			};
			name = Debug;
		};
		7B3B99921CC4437E00900838 /* Release */ = {
			isa = XCBuildConfiguration;
			buildSettings = {
				BUNDLE_LOADER = "$(TEST_HOST)";
				INFOPLIST_FILE = UrsusTests/Info.plist;
				LD_RUNPATH_SEARCH_PATHS = "$(inherited) @executable_path/Frameworks @loader_path/Frameworks";
				PRODUCT_BUNDLE_IDENTIFIER = com.arcyn1c.UrsusTests;
				PRODUCT_NAME = "$(TARGET_NAME)";
				SWIFT_VERSION = 3.0;
				TEST_HOST = "$(BUILT_PRODUCTS_DIR)/Ursus.app/Ursus";
			};
			name = Release;
		};
		7B3B99941CC4437E00900838 /* Debug */ = {
			isa = XCBuildConfiguration;
			buildSettings = {
				INFOPLIST_FILE = UrsusUITests/Info.plist;
				LD_RUNPATH_SEARCH_PATHS = "$(inherited) @executable_path/Frameworks @loader_path/Frameworks";
				PRODUCT_BUNDLE_IDENTIFIER = com.arcyn1c.UrsusUITests;
				PRODUCT_NAME = "$(TARGET_NAME)";
				SWIFT_VERSION = 3.0;
				TEST_TARGET_NAME = Ursus;
			};
			name = Debug;
		};
		7B3B99951CC4437E00900838 /* Release */ = {
			isa = XCBuildConfiguration;
			buildSettings = {
				INFOPLIST_FILE = UrsusUITests/Info.plist;
				LD_RUNPATH_SEARCH_PATHS = "$(inherited) @executable_path/Frameworks @loader_path/Frameworks";
				PRODUCT_BUNDLE_IDENTIFIER = com.arcyn1c.UrsusUITests;
				PRODUCT_NAME = "$(TARGET_NAME)";
				SWIFT_VERSION = 3.0;
				TEST_TARGET_NAME = Ursus;
			};
			name = Release;
		};
/* End XCBuildConfiguration section */

/* Begin XCConfigurationList section */
		7B3B99601CC4437E00900838 /* Build configuration list for PBXProject "Ursus" */ = {
			isa = XCConfigurationList;
			buildConfigurations = (
				7B3B998B1CC4437E00900838 /* Debug */,
				7B3B998C1CC4437E00900838 /* Release */,
			);
			defaultConfigurationIsVisible = 0;
			defaultConfigurationName = Release;
		};
		7B3B998D1CC4437E00900838 /* Build configuration list for PBXNativeTarget "Ursus" */ = {
			isa = XCConfigurationList;
			buildConfigurations = (
				7B3B998E1CC4437E00900838 /* Debug */,
				7B3B998F1CC4437E00900838 /* Release */,
			);
			defaultConfigurationIsVisible = 0;
			defaultConfigurationName = Release;
		};
		7B3B99901CC4437E00900838 /* Build configuration list for PBXNativeTarget "UrsusTests" */ = {
			isa = XCConfigurationList;
			buildConfigurations = (
				7B3B99911CC4437E00900838 /* Debug */,
				7B3B99921CC4437E00900838 /* Release */,
			);
			defaultConfigurationIsVisible = 0;
			defaultConfigurationName = Release;
		};
		7B3B99931CC4437E00900838 /* Build configuration list for PBXNativeTarget "UrsusUITests" */ = {
			isa = XCConfigurationList;
			buildConfigurations = (
				7B3B99941CC4437E00900838 /* Debug */,
				7B3B99951CC4437E00900838 /* Release */,
			);
			defaultConfigurationIsVisible = 0;
			defaultConfigurationName = Release;
		};
/* End XCConfigurationList section */
	};
	rootObject = 7B3B995D1CC4437E00900838 /* Project object */;
}
